// !$*UTF8*$!
{
	archiveVersion = 1;
	classes = {
	};
	objectVersion = 50;
	objects = {

/* Begin PBXBuildFile section */
		C361CF2722561DF300A2833E /* AppDelegate.m in Sources */ = {isa = PBXBuildFile; fileRef = C361CF2622561DF300A2833E /* AppDelegate.m */; };
		C361CF2A22561DF300A2833E /* ViewController.m in Sources */ = {isa = PBXBuildFile; fileRef = C361CF2922561DF300A2833E /* ViewController.m */; };
		C361CF2D22561DF300A2833E /* Main.storyboard in Resources */ = {isa = PBXBuildFile; fileRef = C361CF2B22561DF300A2833E /* Main.storyboard */; };
		C361CF2F22561DF400A2833E /* Assets.xcassets in Resources */ = {isa = PBXBuildFile; fileRef = C361CF2E22561DF400A2833E /* Assets.xcassets */; };
		C361CF3222561DF400A2833E /* LaunchScreen.storyboard in Resources */ = {isa = PBXBuildFile; fileRef = C361CF3022561DF400A2833E /* LaunchScreen.storyboard */; };
		C361CF3522561DF400A2833E /* main.m in Sources */ = {isa = PBXBuildFile; fileRef = C361CF3422561DF400A2833E /* main.m */; };
		C361CF3F22561DF400A2833E /* buildtestTests.m in Sources */ = {isa = PBXBuildFile; fileRef = C361CF3E22561DF400A2833E /* buildtestTests.m */; };
		C361CF4A22561DF400A2833E /* buildtestUITests.m in Sources */ = {isa = PBXBuildFile; fileRef = C361CF4922561DF400A2833E /* buildtestUITests.m */; };
		C36F95542269EA9C001D3572 /* Alamofire.framework in Frameworks */ = {isa = PBXBuildFile; fileRef = C36F95532269EA9C001D3572 /* Alamofire.framework */; };
		C36F95552269EA9C001D3572 /* Alamofire.framework in Embed Frameworks */ = {isa = PBXBuildFile; fileRef = C36F95532269EA9C001D3572 /* Alamofire.framework */; settings = {ATTRIBUTES = (CodeSignOnCopy, RemoveHeadersOnCopy, ); }; };
/* End PBXBuildFile section */

/* Begin PBXContainerItemProxy section */
		C317EE822256255A00CBA120 /* PBXContainerItemProxy */ = {
			isa = PBXContainerItemProxy;
			containerPortal = C317EE7C2256255A00CBA120 /* deneme3.xcodeproj */;
			proxyType = 2;
			remoteGlobalIDString = C317EE472256254600CBA120;
			remoteInfo = deneme3;
		};
		C317EE842256255A00CBA120 /* PBXContainerItemProxy */ = {
			isa = PBXContainerItemProxy;
			containerPortal = C317EE7C2256255A00CBA120 /* deneme3.xcodeproj */;
			proxyType = 2;
			remoteGlobalIDString = C317EE5F2256254700CBA120;
			remoteInfo = deneme3Tests;
		};
		C317EE862256255A00CBA120 /* PBXContainerItemProxy */ = {
			isa = PBXContainerItemProxy;
			containerPortal = C317EE7C2256255A00CBA120 /* deneme3.xcodeproj */;
			proxyType = 2;
			remoteGlobalIDString = C317EE6A2256254700CBA120;
			remoteInfo = deneme3UITests;
		};
		C361CF3B22561DF400A2833E /* PBXContainerItemProxy */ = {
			isa = PBXContainerItemProxy;
			containerPortal = C361CF1A22561DF300A2833E /* Project object */;
			proxyType = 1;
			remoteGlobalIDString = C361CF2122561DF300A2833E;
			remoteInfo = buildtest;
		};
		C361CF4622561DF400A2833E /* PBXContainerItemProxy */ = {
			isa = PBXContainerItemProxy;
			containerPortal = C361CF1A22561DF300A2833E /* Project object */;
			proxyType = 1;
			remoteGlobalIDString = C361CF2122561DF300A2833E;
			remoteInfo = buildtest;
		};
/* End PBXContainerItemProxy section */

/* Begin PBXCopyFilesBuildPhase section */
		C36F954F2269E806001D3572 /* Embed Frameworks */ = {
			isa = PBXCopyFilesBuildPhase;
			buildActionMask = 2147483647;
			dstPath = "";
			dstSubfolderSpec = 10;
			files = (
				C36F95552269EA9C001D3572 /* Alamofire.framework in Embed Frameworks */,
			);
			name = "Embed Frameworks";
			runOnlyForDeploymentPostprocessing = 0;
		};
/* End PBXCopyFilesBuildPhase section */

/* Begin PBXFileReference section */
		C317EE7C2256255A00CBA120 /* deneme3.xcodeproj */ = {isa = PBXFileReference; lastKnownFileType = "wrapper.pb-project"; name = deneme3.xcodeproj; path = deneme3/deneme3.xcodeproj; sourceTree = "<group>"; };
		C361CF2222561DF300A2833E /* buildtest.app */ = {isa = PBXFileReference; explicitFileType = wrapper.application; includeInIndex = 0; path = buildtest.app; sourceTree = BUILT_PRODUCTS_DIR; };
		C361CF2522561DF300A2833E /* AppDelegate.h */ = {isa = PBXFileReference; lastKnownFileType = sourcecode.c.h; path = AppDelegate.h; sourceTree = "<group>"; };
		C361CF2622561DF300A2833E /* AppDelegate.m */ = {isa = PBXFileReference; lastKnownFileType = sourcecode.c.objc; path = AppDelegate.m; sourceTree = "<group>"; };
		C361CF2822561DF300A2833E /* ViewController.h */ = {isa = PBXFileReference; lastKnownFileType = sourcecode.c.h; path = ViewController.h; sourceTree = "<group>"; };
		C361CF2922561DF300A2833E /* ViewController.m */ = {isa = PBXFileReference; lastKnownFileType = sourcecode.c.objc; path = ViewController.m; sourceTree = "<group>"; };
		C361CF2C22561DF300A2833E /* Base */ = {isa = PBXFileReference; lastKnownFileType = file.storyboard; name = Base; path = Base.lproj/Main.storyboard; sourceTree = "<group>"; };
		C361CF2E22561DF400A2833E /* Assets.xcassets */ = {isa = PBXFileReference; lastKnownFileType = folder.assetcatalog; path = Assets.xcassets; sourceTree = "<group>"; };
		C361CF3122561DF400A2833E /* Base */ = {isa = PBXFileReference; lastKnownFileType = file.storyboard; name = Base; path = Base.lproj/LaunchScreen.storyboard; sourceTree = "<group>"; };
		C361CF3322561DF400A2833E /* Info.plist */ = {isa = PBXFileReference; lastKnownFileType = text.plist.xml; path = Info.plist; sourceTree = "<group>"; };
		C361CF3422561DF400A2833E /* main.m */ = {isa = PBXFileReference; lastKnownFileType = sourcecode.c.objc; path = main.m; sourceTree = "<group>"; };
		C361CF3A22561DF400A2833E /* buildtestTests.xctest */ = {isa = PBXFileReference; explicitFileType = wrapper.cfbundle; includeInIndex = 0; path = buildtestTests.xctest; sourceTree = BUILT_PRODUCTS_DIR; };
		C361CF3E22561DF400A2833E /* buildtestTests.m */ = {isa = PBXFileReference; lastKnownFileType = sourcecode.c.objc; path = buildtestTests.m; sourceTree = "<group>"; };
		C361CF4022561DF400A2833E /* Info.plist */ = {isa = PBXFileReference; lastKnownFileType = text.plist.xml; path = Info.plist; sourceTree = "<group>"; };
		C361CF4522561DF400A2833E /* buildtestUITests.xctest */ = {isa = PBXFileReference; explicitFileType = wrapper.cfbundle; includeInIndex = 0; path = buildtestUITests.xctest; sourceTree = BUILT_PRODUCTS_DIR; };
		C361CF4922561DF400A2833E /* buildtestUITests.m */ = {isa = PBXFileReference; lastKnownFileType = sourcecode.c.objc; path = buildtestUITests.m; sourceTree = "<group>"; };
		C361CF4B22561DF400A2833E /* Info.plist */ = {isa = PBXFileReference; lastKnownFileType = text.plist.xml; path = Info.plist; sourceTree = "<group>"; };
		C36F95532269EA9C001D3572 /* Alamofire.framework */ = {isa = PBXFileReference; lastKnownFileType = wrapper.framework; path = Alamofire.framework; sourceTree = "<group>"; };
/* End PBXFileReference section */

/* Begin PBXFrameworksBuildPhase section */
		C361CF1F22561DF300A2833E /* Frameworks */ = {
			isa = PBXFrameworksBuildPhase;
			buildActionMask = 2147483647;
			files = (
				C36F95542269EA9C001D3572 /* Alamofire.framework in Frameworks */,
			);
			runOnlyForDeploymentPostprocessing = 0;
		};
		C361CF3722561DF400A2833E /* Frameworks */ = {
			isa = PBXFrameworksBuildPhase;
			buildActionMask = 2147483647;
			files = (
			);
			runOnlyForDeploymentPostprocessing = 0;
		};
		C361CF4222561DF400A2833E /* Frameworks */ = {
			isa = PBXFrameworksBuildPhase;
			buildActionMask = 2147483647;
			files = (
			);
			runOnlyForDeploymentPostprocessing = 0;
		};
/* End PBXFrameworksBuildPhase section */

/* Begin PBXGroup section */
		C317EE7D2256255A00CBA120 /* Products */ = {
			isa = PBXGroup;
			children = (
				C317EE832256255A00CBA120 /* deneme3.app */,
				C317EE852256255A00CBA120 /* deneme3Tests.xctest */,
				C317EE872256255A00CBA120 /* deneme3UITests.xctest */,
			);
			name = Products;
			sourceTree = "<group>";
		};
		C361CF1922561DF300A2833E = {
			isa = PBXGroup;
			children = (
				C36F95532269EA9C001D3572 /* Alamofire.framework */,
				C361CF2422561DF300A2833E /* buildtest */,
				C361CF3D22561DF400A2833E /* buildtestTests */,
				C361CF4822561DF400A2833E /* buildtestUITests */,
				C361CF2322561DF300A2833E /* Products */,
			);
			sourceTree = "<group>";
		};
		C361CF2322561DF300A2833E /* Products */ = {
			isa = PBXGroup;
			children = (
				C361CF2222561DF300A2833E /* buildtest.app */,
				C361CF3A22561DF400A2833E /* buildtestTests.xctest */,
				C361CF4522561DF400A2833E /* buildtestUITests.xctest */,
			);
			name = Products;
			sourceTree = "<group>";
		};
		C361CF2422561DF300A2833E /* buildtest */ = {
			isa = PBXGroup;
			children = (
				C317EE7C2256255A00CBA120 /* deneme3.xcodeproj */,
				C361CF2522561DF300A2833E /* AppDelegate.h */,
				C361CF2622561DF300A2833E /* AppDelegate.m */,
				C361CF2822561DF300A2833E /* ViewController.h */,
				C361CF2922561DF300A2833E /* ViewController.m */,
				C361CF2B22561DF300A2833E /* Main.storyboard */,
				C361CF2E22561DF400A2833E /* Assets.xcassets */,
				C361CF3022561DF400A2833E /* LaunchScreen.storyboard */,
				C361CF3322561DF400A2833E /* Info.plist */,
				C361CF3422561DF400A2833E /* main.m */,
			);
			path = buildtest;
			sourceTree = "<group>";
		};
		C361CF3D22561DF400A2833E /* buildtestTests */ = {
			isa = PBXGroup;
			children = (
				C361CF3E22561DF400A2833E /* buildtestTests.m */,
				C361CF4022561DF400A2833E /* Info.plist */,
			);
			path = buildtestTests;
			sourceTree = "<group>";
		};
		C361CF4822561DF400A2833E /* buildtestUITests */ = {
			isa = PBXGroup;
			children = (
				C361CF4922561DF400A2833E /* buildtestUITests.m */,
				C361CF4B22561DF400A2833E /* Info.plist */,
			);
			path = buildtestUITests;
			sourceTree = "<group>";
		};
/* End PBXGroup section */

/* Begin PBXNativeTarget section */
		C361CF2122561DF300A2833E /* buildtest */ = {
			isa = PBXNativeTarget;
			buildConfigurationList = C361CF4E22561DF400A2833E /* Build configuration list for PBXNativeTarget "buildtest" */;
			buildPhases = (
				C361CF1E22561DF300A2833E /* Sources */,
				C361CF1F22561DF300A2833E /* Frameworks */,
				C361CF2022561DF300A2833E /* Resources */,
				C36F954F2269E806001D3572 /* Embed Frameworks */,
				C36F956D2269FCF6001D3572 /* ShellScript */,
			);
			buildRules = (
			);
			dependencies = (
			);
			name = buildtest;
			productName = buildtest;
			productReference = C361CF2222561DF300A2833E /* buildtest.app */;
			productType = "com.apple.product-type.application";
		};
		C361CF3922561DF400A2833E /* buildtestTests */ = {
			isa = PBXNativeTarget;
			buildConfigurationList = C361CF5122561DF400A2833E /* Build configuration list for PBXNativeTarget "buildtestTests" */;
			buildPhases = (
				C361CF3622561DF400A2833E /* Sources */,
				C361CF3722561DF400A2833E /* Frameworks */,
				C361CF3822561DF400A2833E /* Resources */,
			);
			buildRules = (
			);
			dependencies = (
				C361CF3C22561DF400A2833E /* PBXTargetDependency */,
			);
			name = buildtestTests;
			productName = buildtestTests;
			productReference = C361CF3A22561DF400A2833E /* buildtestTests.xctest */;
			productType = "com.apple.product-type.bundle.unit-test";
		};
		C361CF4422561DF400A2833E /* buildtestUITests */ = {
			isa = PBXNativeTarget;
			buildConfigurationList = C361CF5422561DF400A2833E /* Build configuration list for PBXNativeTarget "buildtestUITests" */;
			buildPhases = (
				C361CF4122561DF400A2833E /* Sources */,
				C361CF4222561DF400A2833E /* Frameworks */,
				C361CF4322561DF400A2833E /* Resources */,
			);
			buildRules = (
			);
			dependencies = (
				C361CF4722561DF400A2833E /* PBXTargetDependency */,
			);
			name = buildtestUITests;
			productName = buildtestUITests;
			productReference = C361CF4522561DF400A2833E /* buildtestUITests.xctest */;
			productType = "com.apple.product-type.bundle.ui-testing";
		};
/* End PBXNativeTarget section */

/* Begin PBXProject section */
		C361CF1A22561DF300A2833E /* Project object */ = {
			isa = PBXProject;
			attributes = {
				LastUpgradeCheck = 1010;
				ORGANIZATIONNAME = "Dogan Ekici";
				TargetAttributes = {
					C361CF2122561DF300A2833E = {
						CreatedOnToolsVersion = 10.1;
					};
					C361CF3922561DF400A2833E = {
						CreatedOnToolsVersion = 10.1;
						TestTargetID = C361CF2122561DF300A2833E;
					};
					C361CF4422561DF400A2833E = {
						CreatedOnToolsVersion = 10.1;
						TestTargetID = C361CF2122561DF300A2833E;
					};
				};
			};
			buildConfigurationList = C361CF1D22561DF300A2833E /* Build configuration list for PBXProject "buildtest" */;
			compatibilityVersion = "Xcode 9.3";
			developmentRegion = en;
			hasScannedForEncodings = 0;
			knownRegions = (
				en,
				Base,
			);
			mainGroup = C361CF1922561DF300A2833E;
			productRefGroup = C361CF2322561DF300A2833E /* Products */;
			projectDirPath = "";
			projectReferences = (
				{
					ProductGroup = C317EE7D2256255A00CBA120 /* Products */;
					ProjectRef = C317EE7C2256255A00CBA120 /* deneme3.xcodeproj */;
				},
			);
			projectRoot = "";
			targets = (
				C361CF2122561DF300A2833E /* buildtest */,
				C361CF3922561DF400A2833E /* buildtestTests */,
				C361CF4422561DF400A2833E /* buildtestUITests */,
			);
		};
/* End PBXProject section */

/* Begin PBXReferenceProxy section */
		C317EE832256255A00CBA120 /* deneme3.app */ = {
			isa = PBXReferenceProxy;
			fileType = wrapper.application;
			path = deneme3.app;
			remoteRef = C317EE822256255A00CBA120 /* PBXContainerItemProxy */;
			sourceTree = BUILT_PRODUCTS_DIR;
		};
		C317EE852256255A00CBA120 /* deneme3Tests.xctest */ = {
			isa = PBXReferenceProxy;
			fileType = wrapper.cfbundle;
			path = deneme3Tests.xctest;
			remoteRef = C317EE842256255A00CBA120 /* PBXContainerItemProxy */;
			sourceTree = BUILT_PRODUCTS_DIR;
		};
		C317EE872256255A00CBA120 /* deneme3UITests.xctest */ = {
			isa = PBXReferenceProxy;
			fileType = wrapper.cfbundle;
			path = deneme3UITests.xctest;
			remoteRef = C317EE862256255A00CBA120 /* PBXContainerItemProxy */;
			sourceTree = BUILT_PRODUCTS_DIR;
		};
/* End PBXReferenceProxy section */

/* Begin PBXResourcesBuildPhase section */
		C361CF2022561DF300A2833E /* Resources */ = {
			isa = PBXResourcesBuildPhase;
			buildActionMask = 2147483647;
			files = (
				C361CF3222561DF400A2833E /* LaunchScreen.storyboard in Resources */,
				C361CF2F22561DF400A2833E /* Assets.xcassets in Resources */,
				C361CF2D22561DF300A2833E /* Main.storyboard in Resources */,
			);
			runOnlyForDeploymentPostprocessing = 0;
		};
		C361CF3822561DF400A2833E /* Resources */ = {
			isa = PBXResourcesBuildPhase;
			buildActionMask = 2147483647;
			files = (
			);
			runOnlyForDeploymentPostprocessing = 0;
		};
		C361CF4322561DF400A2833E /* Resources */ = {
			isa = PBXResourcesBuildPhase;
			buildActionMask = 2147483647;
			files = (
			);
			runOnlyForDeploymentPostprocessing = 0;
		};
/* End PBXResourcesBuildPhase section */

/* Begin PBXShellScriptBuildPhase section */
		C36F956D2269FCF6001D3572 /* ShellScript */ = {
			isa = PBXShellScriptBuildPhase;
			buildActionMask = 2147483647;
			files = (
			);
			inputFileListPaths = (
			);
			inputPaths = (
			);
			outputFileListPaths = (
			);
			outputPaths = (
			);
			runOnlyForDeploymentPostprocessing = 0;
			shellPath = /bin/sh;
			shellScript = "APP_PATH=\"${TARGET_BUILD_DIR}/${WRAPPER_NAME}\"\n\n# This script loops through the frameworks embedded in the application and\n# removes unused architectures.\nfind \"$APP_PATH\" -name '*.framework' -type d | while read -r FRAMEWORK\ndo\nFRAMEWORK_EXECUTABLE_NAME=$(defaults read \"$FRAMEWORK/Info.plist\" CFBundleExecutable)\nFRAMEWORK_EXECUTABLE_PATH=\"$FRAMEWORK/$FRAMEWORK_EXECUTABLE_NAME\"\necho \"Executable is $FRAMEWORK_EXECUTABLE_PATH\"\n\nEXTRACTED_ARCHS=()\n\nfor ARCH in $ARCHS\ndo\necho \"Extracting $ARCH from $FRAMEWORK_EXECUTABLE_NAME\"\nlipo -extract \"$ARCH\" \"$FRAMEWORK_EXECUTABLE_PATH\" -o \"$FRAMEWORK_EXECUTABLE_PATH-$ARCH\"\nEXTRACTED_ARCHS+=(\"$FRAMEWORK_EXECUTABLE_PATH-$ARCH\")\ndone\n\necho \"Merging extracted architectures: ${ARCHS}\"\nlipo -o \"$FRAMEWORK_EXECUTABLE_PATH-merged\" -create \"${EXTRACTED_ARCHS[@]}\"\nrm \"${EXTRACTED_ARCHS[@]}\"\n\necho \"Replacing original executable with thinned version\"\nrm \"$FRAMEWORK_EXECUTABLE_PATH\"\nmv \"$FRAMEWORK_EXECUTABLE_PATH-merged\" \"$FRAMEWORK_EXECUTABLE_PATH\"\n\ndone\n";
		};
/* End PBXShellScriptBuildPhase section */

/* Begin PBXSourcesBuildPhase section */
		C361CF1E22561DF300A2833E /* Sources */ = {
			isa = PBXSourcesBuildPhase;
			buildActionMask = 2147483647;
			files = (
				C361CF2A22561DF300A2833E /* ViewController.m in Sources */,
				C361CF3522561DF400A2833E /* main.m in Sources */,
				C361CF2722561DF300A2833E /* AppDelegate.m in Sources */,
			);
			runOnlyForDeploymentPostprocessing = 0;
		};
		C361CF3622561DF400A2833E /* Sources */ = {
			isa = PBXSourcesBuildPhase;
			buildActionMask = 2147483647;
			files = (
				C361CF3F22561DF400A2833E /* buildtestTests.m in Sources */,
			);
			runOnlyForDeploymentPostprocessing = 0;
		};
		C361CF4122561DF400A2833E /* Sources */ = {
			isa = PBXSourcesBuildPhase;
			buildActionMask = 2147483647;
			files = (
				C361CF4A22561DF400A2833E /* buildtestUITests.m in Sources */,
			);
			runOnlyForDeploymentPostprocessing = 0;
		};
/* End PBXSourcesBuildPhase section */

/* Begin PBXTargetDependency section */
		C361CF3C22561DF400A2833E /* PBXTargetDependency */ = {
			isa = PBXTargetDependency;
			target = C361CF2122561DF300A2833E /* buildtest */;
			targetProxy = C361CF3B22561DF400A2833E /* PBXContainerItemProxy */;
		};
		C361CF4722561DF400A2833E /* PBXTargetDependency */ = {
			isa = PBXTargetDependency;
			target = C361CF2122561DF300A2833E /* buildtest */;
			targetProxy = C361CF4622561DF400A2833E /* PBXContainerItemProxy */;
		};
/* End PBXTargetDependency section */

/* Begin PBXVariantGroup section */
		C361CF2B22561DF300A2833E /* Main.storyboard */ = {
			isa = PBXVariantGroup;
			children = (
				C361CF2C22561DF300A2833E /* Base */,
			);
			name = Main.storyboard;
			sourceTree = "<group>";
		};
		C361CF3022561DF400A2833E /* LaunchScreen.storyboard */ = {
			isa = PBXVariantGroup;
			children = (
				C361CF3122561DF400A2833E /* Base */,
			);
			name = LaunchScreen.storyboard;
			sourceTree = "<group>";
		};
/* End PBXVariantGroup section */

/* Begin XCBuildConfiguration section */
		C361CF4C22561DF400A2833E /* Debug */ = {
			isa = XCBuildConfiguration;
			buildSettings = {
				ALWAYS_SEARCH_USER_PATHS = NO;
				CLANG_ANALYZER_NONNULL = YES;
				CLANG_ANALYZER_NUMBER_OBJECT_CONVERSION = YES_AGGRESSIVE;
				CLANG_CXX_LANGUAGE_STANDARD = "gnu++14";
				CLANG_CXX_LIBRARY = "libc++";
				CLANG_ENABLE_MODULES = YES;
				CLANG_ENABLE_OBJC_ARC = YES;
				CLANG_ENABLE_OBJC_WEAK = YES;
				CLANG_WARN_BLOCK_CAPTURE_AUTORELEASING = YES;
				CLANG_WARN_BOOL_CONVERSION = YES;
				CLANG_WARN_COMMA = YES;
				CLANG_WARN_CONSTANT_CONVERSION = YES;
				CLANG_WARN_DEPRECATED_OBJC_IMPLEMENTATIONS = YES;
				CLANG_WARN_DIRECT_OBJC_ISA_USAGE = YES_ERROR;
				CLANG_WARN_DOCUMENTATION_COMMENTS = YES;
				CLANG_WARN_EMPTY_BODY = YES;
				CLANG_WARN_ENUM_CONVERSION = YES;
				CLANG_WARN_INFINITE_RECURSION = YES;
				CLANG_WARN_INT_CONVERSION = YES;
				CLANG_WARN_NON_LITERAL_NULL_CONVERSION = YES;
				CLANG_WARN_OBJC_IMPLICIT_RETAIN_SELF = YES;
				CLANG_WARN_OBJC_LITERAL_CONVERSION = YES;
				CLANG_WARN_OBJC_ROOT_CLASS = YES_ERROR;
				CLANG_WARN_RANGE_LOOP_ANALYSIS = YES;
				CLANG_WARN_STRICT_PROTOTYPES = YES;
				CLANG_WARN_SUSPICIOUS_MOVE = YES;
				CLANG_WARN_UNGUARDED_AVAILABILITY = YES_AGGRESSIVE;
				CLANG_WARN_UNREACHABLE_CODE = YES;
				CLANG_WARN__DUPLICATE_METHOD_MATCH = YES;
				CODE_SIGN_IDENTITY = "iPhone Developer";
				COPY_PHASE_STRIP = NO;
				DEBUG_INFORMATION_FORMAT = dwarf;
				ENABLE_STRICT_OBJC_MSGSEND = YES;
				ENABLE_TESTABILITY = YES;
				GCC_C_LANGUAGE_STANDARD = gnu11;
				GCC_DYNAMIC_NO_PIC = NO;
				GCC_NO_COMMON_BLOCKS = YES;
				GCC_OPTIMIZATION_LEVEL = 0;
				GCC_PREPROCESSOR_DEFINITIONS = (
					"DEBUG=1",
					"$(inherited)",
				);
				GCC_WARN_64_TO_32_BIT_CONVERSION = YES;
				GCC_WARN_ABOUT_RETURN_TYPE = YES_ERROR;
				GCC_WARN_UNDECLARED_SELECTOR = YES;
				GCC_WARN_UNINITIALIZED_AUTOS = YES_AGGRESSIVE;
				GCC_WARN_UNUSED_FUNCTION = YES;
				GCC_WARN_UNUSED_VARIABLE = YES;
				IPHONEOS_DEPLOYMENT_TARGET = 12.1;
				MTL_ENABLE_DEBUG_INFO = INCLUDE_SOURCE;
				MTL_FAST_MATH = YES;
				ONLY_ACTIVE_ARCH = YES;
				SDKROOT = iphoneos;
			};
			name = Debug;
		};
		C361CF4D22561DF400A2833E /* Release */ = {
			isa = XCBuildConfiguration;
			buildSettings = {
				ALWAYS_SEARCH_USER_PATHS = NO;
				CLANG_ANALYZER_NONNULL = YES;
				CLANG_ANALYZER_NUMBER_OBJECT_CONVERSION = YES_AGGRESSIVE;
				CLANG_CXX_LANGUAGE_STANDARD = "gnu++14";
				CLANG_CXX_LIBRARY = "libc++";
				CLANG_ENABLE_MODULES = YES;
				CLANG_ENABLE_OBJC_ARC = YES;
				CLANG_ENABLE_OBJC_WEAK = YES;
				CLANG_WARN_BLOCK_CAPTURE_AUTORELEASING = YES;
				CLANG_WARN_BOOL_CONVERSION = YES;
				CLANG_WARN_COMMA = YES;
				CLANG_WARN_CONSTANT_CONVERSION = YES;
				CLANG_WARN_DEPRECATED_OBJC_IMPLEMENTATIONS = YES;
				CLANG_WARN_DIRECT_OBJC_ISA_USAGE = YES_ERROR;
				CLANG_WARN_DOCUMENTATION_COMMENTS = YES;
				CLANG_WARN_EMPTY_BODY = YES;
				CLANG_WARN_ENUM_CONVERSION = YES;
				CLANG_WARN_INFINITE_RECURSION = YES;
				CLANG_WARN_INT_CONVERSION = YES;
				CLANG_WARN_NON_LITERAL_NULL_CONVERSION = YES;
				CLANG_WARN_OBJC_IMPLICIT_RETAIN_SELF = YES;
				CLANG_WARN_OBJC_LITERAL_CONVERSION = YES;
				CLANG_WARN_OBJC_ROOT_CLASS = YES_ERROR;
				CLANG_WARN_RANGE_LOOP_ANALYSIS = YES;
				CLANG_WARN_STRICT_PROTOTYPES = YES;
				CLANG_WARN_SUSPICIOUS_MOVE = YES;
				CLANG_WARN_UNGUARDED_AVAILABILITY = YES_AGGRESSIVE;
				CLANG_WARN_UNREACHABLE_CODE = YES;
				CLANG_WARN__DUPLICATE_METHOD_MATCH = YES;
				CODE_SIGN_IDENTITY = "iPhone Developer";
				COPY_PHASE_STRIP = NO;
				DEBUG_INFORMATION_FORMAT = "dwarf-with-dsym";
				ENABLE_NS_ASSERTIONS = NO;
				ENABLE_STRICT_OBJC_MSGSEND = YES;
				GCC_C_LANGUAGE_STANDARD = gnu11;
				GCC_NO_COMMON_BLOCKS = YES;
				GCC_WARN_64_TO_32_BIT_CONVERSION = YES;
				GCC_WARN_ABOUT_RETURN_TYPE = YES_ERROR;
				GCC_WARN_UNDECLARED_SELECTOR = YES;
				GCC_WARN_UNINITIALIZED_AUTOS = YES_AGGRESSIVE;
				GCC_WARN_UNUSED_FUNCTION = YES;
				GCC_WARN_UNUSED_VARIABLE = YES;
				IPHONEOS_DEPLOYMENT_TARGET = 12.1;
				MTL_ENABLE_DEBUG_INFO = NO;
				MTL_FAST_MATH = YES;
				SDKROOT = iphoneos;
				VALIDATE_PRODUCT = YES;
			};
			name = Release;
		};
		C361CF4F22561DF400A2833E /* Debug */ = {
			isa = XCBuildConfiguration;
			buildSettings = {
				ALWAYS_EMBED_SWIFT_STANDARD_LIBRARIES = YES;
				ASSETCATALOG_COMPILER_APPICON_NAME = AppIcon;
				CODE_SIGN_STYLE = Automatic;
				DEVELOPMENT_TEAM = T9P2R7YH4K;
				ENABLE_BITCODE = NO;
				FRAMEWORK_SEARCH_PATHS = (
					"$(inherited)",
					"$(PROJECT_DIR)",
				);
				INFOPLIST_FILE = buildtest/Info.plist;
				LD_RUNPATH_SEARCH_PATHS = (
					"$(inherited)",
					"@executable_path/Frameworks",
				);
				PRODUCT_BUNDLE_IDENTIFIER = io.smartface.buildtest;
				PRODUCT_NAME = "$(TARGET_NAME)";
				TARGETED_DEVICE_FAMILY = "1,2";
			};
			name = Debug;
		};
		C361CF5022561DF400A2833E /* Release */ = {
			isa = XCBuildConfiguration;
			buildSettings = {
				ALWAYS_EMBED_SWIFT_STANDARD_LIBRARIES = YES;
				ASSETCATALOG_COMPILER_APPICON_NAME = AppIcon;
				CODE_SIGN_STYLE = Automatic;
				DEVELOPMENT_TEAM = T9P2R7YH4K;
				ENABLE_BITCODE = NO;
				FRAMEWORK_SEARCH_PATHS = (
					"$(inherited)",
					"$(PROJECT_DIR)",
				);
				INFOPLIST_FILE = buildtest/Info.plist;
				LD_RUNPATH_SEARCH_PATHS = (
					"$(inherited)",
					"@executable_path/Frameworks",
				);
				PRODUCT_BUNDLE_IDENTIFIER = io.smartface.buildtest;
				PRODUCT_NAME = "$(TARGET_NAME)";
				TARGETED_DEVICE_FAMILY = "1,2";
			};
			name = Release;
		};
		C361CF5222561DF400A2833E /* Debug */ = {
			isa = XCBuildConfiguration;
			buildSettings = {
				BUNDLE_LOADER = "$(TEST_HOST)";
				CODE_SIGN_STYLE = Automatic;
				DEVELOPMENT_TEAM = T9P2R7YH4K;
				INFOPLIST_FILE = buildtestTests/Info.plist;
				LD_RUNPATH_SEARCH_PATHS = (
					"$(inherited)",
					"@executable_path/Frameworks",
					"@loader_path/Frameworks",
				);
				PRODUCT_BUNDLE_IDENTIFIER = io.smartface.buildtestTests;
				PRODUCT_NAME = "$(TARGET_NAME)";
				TARGETED_DEVICE_FAMILY = "1,2";
				TEST_HOST = "$(BUILT_PRODUCTS_DIR)/buildtest.app/buildtest";
			};
			name = Debug;
		};
		C361CF5322561DF400A2833E /* Release */ = {
			isa = XCBuildConfiguration;
			buildSettings = {
				BUNDLE_LOADER = "$(TEST_HOST)";
				CODE_SIGN_STYLE = Automatic;
				DEVELOPMENT_TEAM = T9P2R7YH4K;
				INFOPLIST_FILE = buildtestTests/Info.plist;
				LD_RUNPATH_SEARCH_PATHS = (
					"$(inherited)",
					"@executable_path/Frameworks",
					"@loader_path/Frameworks",
				);
				PRODUCT_BUNDLE_IDENTIFIER = io.smartface.buildtestTests;
				PRODUCT_NAME = "$(TARGET_NAME)";
				TARGETED_DEVICE_FAMILY = "1,2";
				TEST_HOST = "$(BUILT_PRODUCTS_DIR)/buildtest.app/buildtest";
			};
			name = Release;
		};
		C361CF5522561DF400A2833E /* Debug */ = {
			isa = XCBuildConfiguration;
			buildSettings = {
				CODE_SIGN_STYLE = Automatic;
				DEVELOPMENT_TEAM = T9P2R7YH4K;
				INFOPLIST_FILE = buildtestUITests/Info.plist;
				LD_RUNPATH_SEARCH_PATHS = (
					"$(inherited)",
					"@executable_path/Frameworks",
					"@loader_path/Frameworks",
				);
				PRODUCT_BUNDLE_IDENTIFIER = io.smartface.buildtestUITests;
				PRODUCT_NAME = "$(TARGET_NAME)";
				TARGETED_DEVICE_FAMILY = "1,2";
				TEST_TARGET_NAME = buildtest;
			};
			name = Debug;
		};
		C361CF5622561DF400A2833E /* Release */ = {
			isa = XCBuildConfiguration;
			buildSettings = {
				CODE_SIGN_STYLE = Automatic;
				DEVELOPMENT_TEAM = T9P2R7YH4K;
				INFOPLIST_FILE = buildtestUITests/Info.plist;
				LD_RUNPATH_SEARCH_PATHS = (
					"$(inherited)",
					"@executable_path/Frameworks",
					"@loader_path/Frameworks",
				);
				PRODUCT_BUNDLE_IDENTIFIER = io.smartface.buildtestUITests;
				PRODUCT_NAME = "$(TARGET_NAME)";
				TARGETED_DEVICE_FAMILY = "1,2";
				TEST_TARGET_NAME = buildtest;
			};
			name = Release;
		};
/* End XCBuildConfiguration section */

/* Begin XCConfigurationList section */
		C361CF1D22561DF300A2833E /* Build configuration list for PBXProject "buildtest" */ = {
			isa = XCConfigurationList;
			buildConfigurations = (
				C361CF4C22561DF400A2833E /* Debug */,
				C361CF4D22561DF400A2833E /* Release */,
			);
			defaultConfigurationIsVisible = 0;
			defaultConfigurationName = Release;
		};
		C361CF4E22561DF400A2833E /* Build configuration list for PBXNativeTarget "buildtest" */ = {
			isa = XCConfigurationList;
			buildConfigurations = (
				C361CF4F22561DF400A2833E /* Debug */,
				C361CF5022561DF400A2833E /* Release */,
			);
			defaultConfigurationIsVisible = 0;
			defaultConfigurationName = Release;
		};
		C361CF5122561DF400A2833E /* Build configuration list for PBXNativeTarget "buildtestTests" */ = {
			isa = XCConfigurationList;
			buildConfigurations = (
				C361CF5222561DF400A2833E /* Debug */,
				C361CF5322561DF400A2833E /* Release */,
			);
			defaultConfigurationIsVisible = 0;
			defaultConfigurationName = Release;
		};
		C361CF5422561DF400A2833E /* Build configuration list for PBXNativeTarget "buildtestUITests" */ = {
			isa = XCConfigurationList;
			buildConfigurations = (
				C361CF5522561DF400A2833E /* Debug */,
				C361CF5622561DF400A2833E /* Release */,
			);
			defaultConfigurationIsVisible = 0;
			defaultConfigurationName = Release;
		};
/* End XCConfigurationList section */
	};
	rootObject = C361CF1A22561DF300A2833E /* Project object */;
}
