// !$*UTF8*$!
{
	archiveVersion = 1;
	classes = {
	};
	objectVersion = 50;
	objects = {

/* Begin PBXAggregateTarget section */
		C30009AB2270838100B83CBB /* aggreatetest */ = {
			isa = PBXAggregateTarget;
			buildConfigurationList = C30009B12270838200B83CBB /* Build configuration list for PBXAggregateTarget "aggreatetest" */;
			buildPhases = (
			);
			dependencies = (
			);
			name = aggreatetest;
			productName = aggreatetest;
		};
/* End PBXAggregateTarget section */

/* Begin PBXBuildFile section */
		C30009B92270838F00B83CBB /* NotificationCenter.framework in Frameworks */ = {isa = PBXBuildFile; fileRef = C30009B82270838F00B83CBB /* NotificationCenter.framework */; };
		C30009BD2270838F00B83CBB /* TodayViewController.m in Sources */ = {isa = PBXBuildFile; fileRef = C30009BC2270838F00B83CBB /* TodayViewController.m */; };
		C30009C02270838F00B83CBB /* MainInterface.storyboard in Resources */ = {isa = PBXBuildFile; fileRef = C30009BE2270838F00B83CBB /* MainInterface.storyboard */; };
		C30009C42270838F00B83CBB /* todayextension.appex in Embed App Extensions */ = {isa = PBXBuildFile; fileRef = C30009B62270838F00B83CBB /* todayextension.appex */; settings = {ATTRIBUTES = (RemoveHeadersOnCopy, ); }; };
		C30009DC2270844300B83CBB /* Messages.framework in Frameworks */ = {isa = PBXBuildFile; fileRef = C30009DB2270844300B83CBB /* Messages.framework */; };
		C30009E02270844300B83CBB /* MessagesViewController.m in Sources */ = {isa = PBXBuildFile; fileRef = C30009DF2270844300B83CBB /* MessagesViewController.m */; };
		C30009E32270844300B83CBB /* MainInterface.storyboard in Resources */ = {isa = PBXBuildFile; fileRef = C30009E12270844300B83CBB /* MainInterface.storyboard */; };
		C30009E52270844500B83CBB /* Assets.xcassets in Resources */ = {isa = PBXBuildFile; fileRef = C30009E42270844500B83CBB /* Assets.xcassets */; };
		C30009E92270844500B83CBB /* imessagetest.appex in Embed App Extensions */ = {isa = PBXBuildFile; fileRef = C30009DA2270844300B83CBB /* imessagetest.appex */; settings = {ATTRIBUTES = (RemoveHeadersOnCopy, ); }; };
		C361CF2722561DF300A2833E /* AppDelegate.m in Sources */ = {isa = PBXBuildFile; fileRef = C361CF2622561DF300A2833E /* AppDelegate.m */; };
		C361CF2A22561DF300A2833E /* ViewController.m in Sources */ = {isa = PBXBuildFile; fileRef = C361CF2922561DF300A2833E /* ViewController.m */; };
		C361CF2D22561DF300A2833E /* Main.storyboard in Resources */ = {isa = PBXBuildFile; fileRef = C361CF2B22561DF300A2833E /* Main.storyboard */; };
		C361CF2F22561DF400A2833E /* Assets.xcassets in Resources */ = {isa = PBXBuildFile; fileRef = C361CF2E22561DF400A2833E /* Assets.xcassets */; };
		C361CF3222561DF400A2833E /* LaunchScreen.storyboard in Resources */ = {isa = PBXBuildFile; fileRef = C361CF3022561DF400A2833E /* LaunchScreen.storyboard */; };
		C361CF3522561DF400A2833E /* main.m in Sources */ = {isa = PBXBuildFile; fileRef = C361CF3422561DF400A2833E /* main.m */; };
		C361CF3F22561DF400A2833E /* buildtestTests.m in Sources */ = {isa = PBXBuildFile; fileRef = C361CF3E22561DF400A2833E /* buildtestTests.m */; };
		C361CF4A22561DF400A2833E /* buildtestUITests.m in Sources */ = {isa = PBXBuildFile; fileRef = C361CF4922561DF400A2833E /* buildtestUITests.m */; };
		C36F95542269EA9C001D3572 /* Alamofire.framework in Frameworks */ = {isa = PBXBuildFile; fileRef = C36F95532269EA9C001D3572 /* Alamofire.framework */; };
		C36F95552269EA9C001D3572 /* Alamofire.framework in Embed Frameworks */ = {isa = PBXBuildFile; fileRef = C36F95532269EA9C001D3572 /* Alamofire.framework */; settings = {ATTRIBUTES = (CodeSignOnCopy, RemoveHeadersOnCopy, ); }; };
		C3DF5ABD2273322600543C65 /* AppDelegate.m in Sources */ = {isa = PBXBuildFile; fileRef = C3DF5ABC2273322600543C65 /* AppDelegate.m */; };
		C3DF5AC02273322600543C65 /* ViewController.m in Sources */ = {isa = PBXBuildFile; fileRef = C3DF5ABF2273322600543C65 /* ViewController.m */; };
		C3DF5AC32273322600543C65 /* Main.storyboard in Resources */ = {isa = PBXBuildFile; fileRef = C3DF5AC12273322600543C65 /* Main.storyboard */; };
		C3DF5AC52273322800543C65 /* Assets.xcassets in Resources */ = {isa = PBXBuildFile; fileRef = C3DF5AC42273322800543C65 /* Assets.xcassets */; };
		C3DF5AC82273322800543C65 /* LaunchScreen.storyboard in Resources */ = {isa = PBXBuildFile; fileRef = C3DF5AC62273322800543C65 /* LaunchScreen.storyboard */; };
		C3DF5ACB2273322800543C65 /* main.m in Sources */ = {isa = PBXBuildFile; fileRef = C3DF5ACA2273322800543C65 /* main.m */; };
		C3DF5AD52273322900543C65 /* launchappTests.m in Sources */ = {isa = PBXBuildFile; fileRef = C3DF5AD42273322900543C65 /* launchappTests.m */; };
		C3DF5AE02273322900543C65 /* launchappUITests.m in Sources */ = {isa = PBXBuildFile; fileRef = C3DF5ADF2273322900543C65 /* launchappUITests.m */; };
		C3EA7B4B2270973D00F9E6BE /* Interface.storyboard in Resources */ = {isa = PBXBuildFile; fileRef = C3EA7B492270973D00F9E6BE /* Interface.storyboard */; };
		C3EA7B4D2270973E00F9E6BE /* Assets.xcassets in Resources */ = {isa = PBXBuildFile; fileRef = C3EA7B4C2270973E00F9E6BE /* Assets.xcassets */; };
		C3EA7B542270973E00F9E6BE /* test Extension.appex in Embed App Extensions */ = {isa = PBXBuildFile; fileRef = C3EA7B532270973E00F9E6BE /* test Extension.appex */; settings = {ATTRIBUTES = (RemoveHeadersOnCopy, ); }; };
		C3EA7B5A2270973E00F9E6BE /* InterfaceController.m in Sources */ = {isa = PBXBuildFile; fileRef = C3EA7B592270973E00F9E6BE /* InterfaceController.m */; };
		C3EA7B5D2270973F00F9E6BE /* ExtensionDelegate.m in Sources */ = {isa = PBXBuildFile; fileRef = C3EA7B5C2270973F00F9E6BE /* ExtensionDelegate.m */; };
		C3EA7B602270973F00F9E6BE /* NotificationController.m in Sources */ = {isa = PBXBuildFile; fileRef = C3EA7B5F2270973F00F9E6BE /* NotificationController.m */; };
		C3EA7B622270973F00F9E6BE /* Assets.xcassets in Resources */ = {isa = PBXBuildFile; fileRef = C3EA7B612270973F00F9E6BE /* Assets.xcassets */; };
		C3EA7B672270973F00F9E6BE /* test.app in Embed Watch Content */ = {isa = PBXBuildFile; fileRef = C3EA7B472270973D00F9E6BE /* test.app */; };
		C3EA7B752270A1B300F9E6BE /* NotificationCenter.framework in Frameworks */ = {isa = PBXBuildFile; fileRef = C30009B82270838F00B83CBB /* NotificationCenter.framework */; };
		C3EA7B792270A1B300F9E6BE /* TodayViewController.m in Sources */ = {isa = PBXBuildFile; fileRef = C3EA7B782270A1B300F9E6BE /* TodayViewController.m */; };
		C3EA7B7C2270A1B300F9E6BE /* MainInterface.storyboard in Resources */ = {isa = PBXBuildFile; fileRef = C3EA7B7A2270A1B300F9E6BE /* MainInterface.storyboard */; };
		C3EA7B862270A25F00F9E6BE /* NotificationCenter.framework in Frameworks */ = {isa = PBXBuildFile; fileRef = C30009B82270838F00B83CBB /* NotificationCenter.framework */; };
		C3EA7B8A2270A25F00F9E6BE /* TodayViewController.m in Sources */ = {isa = PBXBuildFile; fileRef = C3EA7B892270A25F00F9E6BE /* TodayViewController.m */; };
		C3EA7B8D2270A25F00F9E6BE /* MainInterface.storyboard in Resources */ = {isa = PBXBuildFile; fileRef = C3EA7B8B2270A25F00F9E6BE /* MainInterface.storyboard */; };
		C3EA7B912270A25F00F9E6BE /* embedexte.appex in Embed App Extensions */ = {isa = PBXBuildFile; fileRef = C3EA7B852270A25E00F9E6BE /* embedexte.appex */; settings = {ATTRIBUTES = (RemoveHeadersOnCopy, ); }; };
/* End PBXBuildFile section */

/* Begin PBXContainerItemProxy section */
		C30009C22270838F00B83CBB /* PBXContainerItemProxy */ = {
			isa = PBXContainerItemProxy;
			containerPortal = C361CF1A22561DF300A2833E /* Project object */;
			proxyType = 1;
			remoteGlobalIDString = C30009B52270838F00B83CBB;
			remoteInfo = todayextension;
		};
		C30009E72270844500B83CBB /* PBXContainerItemProxy */ = {
			isa = PBXContainerItemProxy;
			containerPortal = C361CF1A22561DF300A2833E /* Project object */;
			proxyType = 1;
			remoteGlobalIDString = C30009D92270844300B83CBB;
			remoteInfo = imessagetest;
		};
		C317EE822256255A00CBA120 /* PBXContainerItemProxy */ = {
			isa = PBXContainerItemProxy;
			containerPortal = C317EE7C2256255A00CBA120 /* deneme3.xcodeproj */;
			proxyType = 2;
			remoteGlobalIDString = C317EE472256254600CBA120;
			remoteInfo = deneme3;
		};
		C317EE842256255A00CBA120 /* PBXContainerItemProxy */ = {
			isa = PBXContainerItemProxy;
			containerPortal = C317EE7C2256255A00CBA120 /* deneme3.xcodeproj */;
			proxyType = 2;
			remoteGlobalIDString = C317EE5F2256254700CBA120;
			remoteInfo = deneme3Tests;
		};
		C317EE862256255A00CBA120 /* PBXContainerItemProxy */ = {
			isa = PBXContainerItemProxy;
			containerPortal = C317EE7C2256255A00CBA120 /* deneme3.xcodeproj */;
			proxyType = 2;
			remoteGlobalIDString = C317EE6A2256254700CBA120;
			remoteInfo = deneme3UITests;
		};
		C361CF3B22561DF400A2833E /* PBXContainerItemProxy */ = {
			isa = PBXContainerItemProxy;
			containerPortal = C361CF1A22561DF300A2833E /* Project object */;
			proxyType = 1;
			remoteGlobalIDString = C361CF2122561DF300A2833E;
			remoteInfo = buildtest;
		};
		C361CF4622561DF400A2833E /* PBXContainerItemProxy */ = {
			isa = PBXContainerItemProxy;
			containerPortal = C361CF1A22561DF300A2833E /* Project object */;
			proxyType = 1;
			remoteGlobalIDString = C361CF2122561DF300A2833E;
			remoteInfo = buildtest;
		};
		C3DF5AD12273322900543C65 /* PBXContainerItemProxy */ = {
			isa = PBXContainerItemProxy;
			containerPortal = C361CF1A22561DF300A2833E /* Project object */;
			proxyType = 1;
			remoteGlobalIDString = C3DF5AB82273322600543C65;
			remoteInfo = launchapp;
		};
		C3DF5ADC2273322900543C65 /* PBXContainerItemProxy */ = {
			isa = PBXContainerItemProxy;
			containerPortal = C361CF1A22561DF300A2833E /* Project object */;
			proxyType = 1;
			remoteGlobalIDString = C3DF5AB82273322600543C65;
			remoteInfo = launchapp;
		};
		C3EA7B552270973E00F9E6BE /* PBXContainerItemProxy */ = {
			isa = PBXContainerItemProxy;
			containerPortal = C361CF1A22561DF300A2833E /* Project object */;
			proxyType = 1;
			remoteGlobalIDString = C3EA7B522270973E00F9E6BE;
			remoteInfo = "test Extension";
		};
		C3EA7B652270973F00F9E6BE /* PBXContainerItemProxy */ = {
			isa = PBXContainerItemProxy;
			containerPortal = C361CF1A22561DF300A2833E /* Project object */;
			proxyType = 1;
			remoteGlobalIDString = C3EA7B462270973D00F9E6BE;
			remoteInfo = test;
		};
		C3EA7B8F2270A25F00F9E6BE /* PBXContainerItemProxy */ = {
			isa = PBXContainerItemProxy;
			containerPortal = C361CF1A22561DF300A2833E /* Project object */;
			proxyType = 1;
			remoteGlobalIDString = C3EA7B842270A25E00F9E6BE;
			remoteInfo = embedexte;
		};
/* End PBXContainerItemProxy section */

/* Begin PBXCopyFilesBuildPhase section */
		C30009C82270838F00B83CBB /* Embed App Extensions */ = {
			isa = PBXCopyFilesBuildPhase;
			buildActionMask = 2147483647;
			dstPath = "";
			dstSubfolderSpec = 13;
			files = (
				C30009E92270844500B83CBB /* imessagetest.appex in Embed App Extensions */,
				C30009C42270838F00B83CBB /* todayextension.appex in Embed App Extensions */,
				C3EA7B912270A25F00F9E6BE /* embedexte.appex in Embed App Extensions */,
			);
			name = "Embed App Extensions";
			runOnlyForDeploymentPostprocessing = 0;
		};
		C36F954F2269E806001D3572 /* Embed Frameworks */ = {
			isa = PBXCopyFilesBuildPhase;
			buildActionMask = 2147483647;
			dstPath = "";
			dstSubfolderSpec = 10;
			files = (
				C36F95552269EA9C001D3572 /* Alamofire.framework in Embed Frameworks */,
			);
			name = "Embed Frameworks";
			runOnlyForDeploymentPostprocessing = 0;
		};
		C3EA7B6B2270973F00F9E6BE /* Embed App Extensions */ = {
			isa = PBXCopyFilesBuildPhase;
			buildActionMask = 2147483647;
			dstPath = "";
			dstSubfolderSpec = 13;
			files = (
				C3EA7B542270973E00F9E6BE /* test Extension.appex in Embed App Extensions */,
			);
			name = "Embed App Extensions";
			runOnlyForDeploymentPostprocessing = 0;
		};
		C3EA7B6F2270973F00F9E6BE /* Embed Watch Content */ = {
			isa = PBXCopyFilesBuildPhase;
			buildActionMask = 2147483647;
			dstPath = "$(CONTENTS_FOLDER_PATH)/Watch";
			dstSubfolderSpec = 16;
			files = (
				C3EA7B672270973F00F9E6BE /* test.app in Embed Watch Content */,
			);
			name = "Embed Watch Content";
			runOnlyForDeploymentPostprocessing = 0;
		};
/* End PBXCopyFilesBuildPhase section */

/* Begin PBXFileReference section */
		C30009B62270838F00B83CBB /* todayextension.appex */ = {isa = PBXFileReference; explicitFileType = "wrapper.app-extension"; includeInIndex = 0; path = todayextension.appex; sourceTree = BUILT_PRODUCTS_DIR; };
		C30009B82270838F00B83CBB /* NotificationCenter.framework */ = {isa = PBXFileReference; lastKnownFileType = wrapper.framework; name = NotificationCenter.framework; path = System/Library/Frameworks/NotificationCenter.framework; sourceTree = SDKROOT; };
		C30009BB2270838F00B83CBB /* TodayViewController.h */ = {isa = PBXFileReference; lastKnownFileType = sourcecode.c.h; path = TodayViewController.h; sourceTree = "<group>"; };
		C30009BC2270838F00B83CBB /* TodayViewController.m */ = {isa = PBXFileReference; lastKnownFileType = sourcecode.c.objc; path = TodayViewController.m; sourceTree = "<group>"; };
		C30009BF2270838F00B83CBB /* Base */ = {isa = PBXFileReference; lastKnownFileType = file.storyboard; name = Base; path = Base.lproj/MainInterface.storyboard; sourceTree = "<group>"; };
		C30009C12270838F00B83CBB /* Info.plist */ = {isa = PBXFileReference; lastKnownFileType = text.plist.xml; path = Info.plist; sourceTree = "<group>"; };
		C30009CF227083A900B83CBB /* IntentHandler.h */ = {isa = PBXFileReference; lastKnownFileType = sourcecode.c.h; path = IntentHandler.h; sourceTree = "<group>"; };
		C30009D0227083A900B83CBB /* IntentHandler.m */ = {isa = PBXFileReference; lastKnownFileType = sourcecode.c.objc; path = IntentHandler.m; sourceTree = "<group>"; };
		C30009D2227083A900B83CBB /* Info.plist */ = {isa = PBXFileReference; lastKnownFileType = text.plist.xml; path = Info.plist; sourceTree = "<group>"; };
		C30009DA2270844300B83CBB /* imessagetest.appex */ = {isa = PBXFileReference; explicitFileType = "wrapper.app-extension"; includeInIndex = 0; path = imessagetest.appex; sourceTree = BUILT_PRODUCTS_DIR; };
		C30009DB2270844300B83CBB /* Messages.framework */ = {isa = PBXFileReference; lastKnownFileType = wrapper.framework; name = Messages.framework; path = System/Library/Frameworks/Messages.framework; sourceTree = SDKROOT; };
		C30009DE2270844300B83CBB /* MessagesViewController.h */ = {isa = PBXFileReference; lastKnownFileType = sourcecode.c.h; path = MessagesViewController.h; sourceTree = "<group>"; };
		C30009DF2270844300B83CBB /* MessagesViewController.m */ = {isa = PBXFileReference; lastKnownFileType = sourcecode.c.objc; path = MessagesViewController.m; sourceTree = "<group>"; };
		C30009E22270844300B83CBB /* Base */ = {isa = PBXFileReference; lastKnownFileType = file.storyboard; name = Base; path = Base.lproj/MainInterface.storyboard; sourceTree = "<group>"; };
		C30009E42270844500B83CBB /* Assets.xcassets */ = {isa = PBXFileReference; lastKnownFileType = folder.assetcatalog; path = Assets.xcassets; sourceTree = "<group>"; };
		C30009E62270844500B83CBB /* Info.plist */ = {isa = PBXFileReference; lastKnownFileType = text.plist.xml; path = Info.plist; sourceTree = "<group>"; };
		C317EE7C2256255A00CBA120 /* deneme3.xcodeproj */ = {isa = PBXFileReference; lastKnownFileType = "wrapper.pb-project"; name = deneme3.xcodeproj; path = deneme3/deneme3.xcodeproj; sourceTree = "<group>"; };
		C361CF2222561DF300A2833E /* buildtest.app */ = {isa = PBXFileReference; explicitFileType = wrapper.application; includeInIndex = 0; path = buildtest.app; sourceTree = BUILT_PRODUCTS_DIR; };
		C361CF2522561DF300A2833E /* AppDelegate.h */ = {isa = PBXFileReference; lastKnownFileType = sourcecode.c.h; path = AppDelegate.h; sourceTree = "<group>"; };
		C361CF2622561DF300A2833E /* AppDelegate.m */ = {isa = PBXFileReference; lastKnownFileType = sourcecode.c.objc; path = AppDelegate.m; sourceTree = "<group>"; };
		C361CF2822561DF300A2833E /* ViewController.h */ = {isa = PBXFileReference; lastKnownFileType = sourcecode.c.h; path = ViewController.h; sourceTree = "<group>"; };
		C361CF2922561DF300A2833E /* ViewController.m */ = {isa = PBXFileReference; lastKnownFileType = sourcecode.c.objc; path = ViewController.m; sourceTree = "<group>"; };
		C361CF2C22561DF300A2833E /* Base */ = {isa = PBXFileReference; lastKnownFileType = file.storyboard; name = Base; path = Base.lproj/Main.storyboard; sourceTree = "<group>"; };
		C361CF2E22561DF400A2833E /* Assets.xcassets */ = {isa = PBXFileReference; lastKnownFileType = folder.assetcatalog; path = Assets.xcassets; sourceTree = "<group>"; };
		C361CF3122561DF400A2833E /* Base */ = {isa = PBXFileReference; lastKnownFileType = file.storyboard; name = Base; path = Base.lproj/LaunchScreen.storyboard; sourceTree = "<group>"; };
		C361CF3322561DF400A2833E /* Info.plist */ = {isa = PBXFileReference; lastKnownFileType = text.plist.xml; path = Info.plist; sourceTree = "<group>"; };
		C361CF3422561DF400A2833E /* main.m */ = {isa = PBXFileReference; lastKnownFileType = sourcecode.c.objc; path = main.m; sourceTree = "<group>"; };
		C361CF3A22561DF400A2833E /* buildtestTests.xctest */ = {isa = PBXFileReference; explicitFileType = wrapper.cfbundle; includeInIndex = 0; path = buildtestTests.xctest; sourceTree = BUILT_PRODUCTS_DIR; };
		C361CF3E22561DF400A2833E /* buildtestTests.m */ = {isa = PBXFileReference; lastKnownFileType = sourcecode.c.objc; path = buildtestTests.m; sourceTree = "<group>"; };
		C361CF4022561DF400A2833E /* Info.plist */ = {isa = PBXFileReference; lastKnownFileType = text.plist.xml; path = Info.plist; sourceTree = "<group>"; };
		C361CF4522561DF400A2833E /* buildtestUITests.xctest */ = {isa = PBXFileReference; explicitFileType = wrapper.cfbundle; includeInIndex = 0; path = buildtestUITests.xctest; sourceTree = BUILT_PRODUCTS_DIR; };
		C361CF4922561DF400A2833E /* buildtestUITests.m */ = {isa = PBXFileReference; lastKnownFileType = sourcecode.c.objc; path = buildtestUITests.m; sourceTree = "<group>"; };
		C361CF4B22561DF400A2833E /* Info.plist */ = {isa = PBXFileReference; lastKnownFileType = text.plist.xml; path = Info.plist; sourceTree = "<group>"; };
		C36F95532269EA9C001D3572 /* Alamofire.framework */ = {isa = PBXFileReference; lastKnownFileType = wrapper.framework; path = Alamofire.framework; sourceTree = "<group>"; };
		C3DF5AB92273322600543C65 /* launchapp.app */ = {isa = PBXFileReference; explicitFileType = wrapper.application; includeInIndex = 0; path = launchapp.app; sourceTree = BUILT_PRODUCTS_DIR; };
		C3DF5ABB2273322600543C65 /* AppDelegate.h */ = {isa = PBXFileReference; lastKnownFileType = sourcecode.c.h; path = AppDelegate.h; sourceTree = "<group>"; };
		C3DF5ABC2273322600543C65 /* AppDelegate.m */ = {isa = PBXFileReference; lastKnownFileType = sourcecode.c.objc; path = AppDelegate.m; sourceTree = "<group>"; };
		C3DF5ABE2273322600543C65 /* ViewController.h */ = {isa = PBXFileReference; lastKnownFileType = sourcecode.c.h; path = ViewController.h; sourceTree = "<group>"; };
		C3DF5ABF2273322600543C65 /* ViewController.m */ = {isa = PBXFileReference; lastKnownFileType = sourcecode.c.objc; path = ViewController.m; sourceTree = "<group>"; };
		C3DF5AC22273322600543C65 /* Base */ = {isa = PBXFileReference; lastKnownFileType = file.storyboard; name = Base; path = Base.lproj/Main.storyboard; sourceTree = "<group>"; };
		C3DF5AC42273322800543C65 /* Assets.xcassets */ = {isa = PBXFileReference; lastKnownFileType = folder.assetcatalog; path = Assets.xcassets; sourceTree = "<group>"; };
		C3DF5AC72273322800543C65 /* Base */ = {isa = PBXFileReference; lastKnownFileType = file.storyboard; name = Base; path = Base.lproj/LaunchScreen.storyboard; sourceTree = "<group>"; };
		C3DF5AC92273322800543C65 /* Info.plist */ = {isa = PBXFileReference; lastKnownFileType = text.plist.xml; path = Info.plist; sourceTree = "<group>"; };
		C3DF5ACA2273322800543C65 /* main.m */ = {isa = PBXFileReference; lastKnownFileType = sourcecode.c.objc; path = main.m; sourceTree = "<group>"; };
		C3DF5AD02273322900543C65 /* launchappTests.xctest */ = {isa = PBXFileReference; explicitFileType = wrapper.cfbundle; includeInIndex = 0; path = launchappTests.xctest; sourceTree = BUILT_PRODUCTS_DIR; };
		C3DF5AD42273322900543C65 /* launchappTests.m */ = {isa = PBXFileReference; lastKnownFileType = sourcecode.c.objc; path = launchappTests.m; sourceTree = "<group>"; };
		C3DF5AD62273322900543C65 /* Info.plist */ = {isa = PBXFileReference; lastKnownFileType = text.plist.xml; path = Info.plist; sourceTree = "<group>"; };
		C3DF5ADB2273322900543C65 /* launchappUITests.xctest */ = {isa = PBXFileReference; explicitFileType = wrapper.cfbundle; includeInIndex = 0; path = launchappUITests.xctest; sourceTree = BUILT_PRODUCTS_DIR; };
		C3DF5ADF2273322900543C65 /* launchappUITests.m */ = {isa = PBXFileReference; lastKnownFileType = sourcecode.c.objc; path = launchappUITests.m; sourceTree = "<group>"; };
		C3DF5AE12273322900543C65 /* Info.plist */ = {isa = PBXFileReference; lastKnownFileType = text.plist.xml; path = Info.plist; sourceTree = "<group>"; };
		C3EA7B272270905D00F9E6BE /* frameworktest.h */ = {isa = PBXFileReference; lastKnownFileType = sourcecode.c.h; path = frameworktest.h; sourceTree = "<group>"; };
		C3EA7B282270905D00F9E6BE /* Info.plist */ = {isa = PBXFileReference; lastKnownFileType = text.plist.xml; path = Info.plist; sourceTree = "<group>"; };
		C3EA7B342270905D00F9E6BE /* frameworktestTests.m */ = {isa = PBXFileReference; lastKnownFileType = sourcecode.c.objc; path = frameworktestTests.m; sourceTree = "<group>"; };
		C3EA7B362270905D00F9E6BE /* Info.plist */ = {isa = PBXFileReference; lastKnownFileType = text.plist.xml; path = Info.plist; sourceTree = "<group>"; };
		C3EA7B422270940D00F9E6BE /* test.m */ = {isa = PBXFileReference; lastKnownFileType = sourcecode.c.objc; path = test.m; sourceTree = "<group>"; };
		C3EA7B472270973D00F9E6BE /* test.app */ = {isa = PBXFileReference; explicitFileType = wrapper.application; includeInIndex = 0; path = test.app; sourceTree = BUILT_PRODUCTS_DIR; };
		C3EA7B4A2270973D00F9E6BE /* Base */ = {isa = PBXFileReference; lastKnownFileType = file.storyboard; name = Base; path = Base.lproj/Interface.storyboard; sourceTree = "<group>"; };
		C3EA7B4C2270973E00F9E6BE /* Assets.xcassets */ = {isa = PBXFileReference; lastKnownFileType = folder.assetcatalog; path = Assets.xcassets; sourceTree = "<group>"; };
		C3EA7B4E2270973E00F9E6BE /* Info.plist */ = {isa = PBXFileReference; lastKnownFileType = text.plist.xml; path = Info.plist; sourceTree = "<group>"; };
		C3EA7B532270973E00F9E6BE /* test Extension.appex */ = {isa = PBXFileReference; explicitFileType = "wrapper.app-extension"; includeInIndex = 0; path = "test Extension.appex"; sourceTree = BUILT_PRODUCTS_DIR; };
		C3EA7B582270973E00F9E6BE /* InterfaceController.h */ = {isa = PBXFileReference; lastKnownFileType = sourcecode.c.h; path = InterfaceController.h; sourceTree = "<group>"; };
		C3EA7B592270973E00F9E6BE /* InterfaceController.m */ = {isa = PBXFileReference; lastKnownFileType = sourcecode.c.objc; path = InterfaceController.m; sourceTree = "<group>"; };
		C3EA7B5B2270973E00F9E6BE /* ExtensionDelegate.h */ = {isa = PBXFileReference; lastKnownFileType = sourcecode.c.h; path = ExtensionDelegate.h; sourceTree = "<group>"; };
		C3EA7B5C2270973F00F9E6BE /* ExtensionDelegate.m */ = {isa = PBXFileReference; lastKnownFileType = sourcecode.c.objc; path = ExtensionDelegate.m; sourceTree = "<group>"; };
		C3EA7B5E2270973F00F9E6BE /* NotificationController.h */ = {isa = PBXFileReference; lastKnownFileType = sourcecode.c.h; path = NotificationController.h; sourceTree = "<group>"; };
		C3EA7B5F2270973F00F9E6BE /* NotificationController.m */ = {isa = PBXFileReference; lastKnownFileType = sourcecode.c.objc; path = NotificationController.m; sourceTree = "<group>"; };
		C3EA7B612270973F00F9E6BE /* Assets.xcassets */ = {isa = PBXFileReference; lastKnownFileType = folder.assetcatalog; path = Assets.xcassets; sourceTree = "<group>"; };
		C3EA7B632270973F00F9E6BE /* Info.plist */ = {isa = PBXFileReference; lastKnownFileType = text.plist.xml; path = Info.plist; sourceTree = "<group>"; };
		C3EA7B642270973F00F9E6BE /* PushNotificationPayload.apns */ = {isa = PBXFileReference; lastKnownFileType = text; path = PushNotificationPayload.apns; sourceTree = "<group>"; };
		C3EA7B742270A1B300F9E6BE /* noneexte.appex */ = {isa = PBXFileReference; explicitFileType = "wrapper.app-extension"; includeInIndex = 0; path = noneexte.appex; sourceTree = BUILT_PRODUCTS_DIR; };
		C3EA7B772270A1B300F9E6BE /* TodayViewController.h */ = {isa = PBXFileReference; lastKnownFileType = sourcecode.c.h; path = TodayViewController.h; sourceTree = "<group>"; };
		C3EA7B782270A1B300F9E6BE /* TodayViewController.m */ = {isa = PBXFileReference; lastKnownFileType = sourcecode.c.objc; path = TodayViewController.m; sourceTree = "<group>"; };
		C3EA7B7B2270A1B300F9E6BE /* Base */ = {isa = PBXFileReference; lastKnownFileType = file.storyboard; name = Base; path = Base.lproj/MainInterface.storyboard; sourceTree = "<group>"; };
		C3EA7B7D2270A1B300F9E6BE /* Info.plist */ = {isa = PBXFileReference; lastKnownFileType = text.plist.xml; path = Info.plist; sourceTree = "<group>"; };
		C3EA7B852270A25E00F9E6BE /* embedexte.appex */ = {isa = PBXFileReference; explicitFileType = "wrapper.app-extension"; includeInIndex = 0; path = embedexte.appex; sourceTree = BUILT_PRODUCTS_DIR; };
		C3EA7B882270A25F00F9E6BE /* TodayViewController.h */ = {isa = PBXFileReference; lastKnownFileType = sourcecode.c.h; path = TodayViewController.h; sourceTree = "<group>"; };
		C3EA7B892270A25F00F9E6BE /* TodayViewController.m */ = {isa = PBXFileReference; lastKnownFileType = sourcecode.c.objc; path = TodayViewController.m; sourceTree = "<group>"; };
		C3EA7B8C2270A25F00F9E6BE /* Base */ = {isa = PBXFileReference; lastKnownFileType = file.storyboard; name = Base; path = Base.lproj/MainInterface.storyboard; sourceTree = "<group>"; };
		C3EA7B8E2270A25F00F9E6BE /* Info.plist */ = {isa = PBXFileReference; lastKnownFileType = text.plist.xml; path = Info.plist; sourceTree = "<group>"; };
/* End PBXFileReference section */

/* Begin PBXFrameworksBuildPhase section */
		C30009B32270838F00B83CBB /* Frameworks */ = {
			isa = PBXFrameworksBuildPhase;
			buildActionMask = 2147483647;
			files = (
				C30009B92270838F00B83CBB /* NotificationCenter.framework in Frameworks */,
			);
			runOnlyForDeploymentPostprocessing = 0;
		};
		C30009D72270844300B83CBB /* Frameworks */ = {
			isa = PBXFrameworksBuildPhase;
			buildActionMask = 2147483647;
			files = (
				C30009DC2270844300B83CBB /* Messages.framework in Frameworks */,
			);
			runOnlyForDeploymentPostprocessing = 0;
		};
		C361CF1F22561DF300A2833E /* Frameworks */ = {
			isa = PBXFrameworksBuildPhase;
			buildActionMask = 2147483647;
			files = (
				C36F95542269EA9C001D3572 /* Alamofire.framework in Frameworks */,
			);
			runOnlyForDeploymentPostprocessing = 0;
		};
		C361CF3722561DF400A2833E /* Frameworks */ = {
			isa = PBXFrameworksBuildPhase;
			buildActionMask = 2147483647;
			files = (
			);
			runOnlyForDeploymentPostprocessing = 0;
		};
		C361CF4222561DF400A2833E /* Frameworks */ = {
			isa = PBXFrameworksBuildPhase;
			buildActionMask = 2147483647;
			files = (
			);
			runOnlyForDeploymentPostprocessing = 0;
		};
		C3DF5AB62273322600543C65 /* Frameworks */ = {
			isa = PBXFrameworksBuildPhase;
			buildActionMask = 2147483647;
			files = (
			);
			runOnlyForDeploymentPostprocessing = 0;
		};
		C3DF5ACD2273322900543C65 /* Frameworks */ = {
			isa = PBXFrameworksBuildPhase;
			buildActionMask = 2147483647;
			files = (
			);
			runOnlyForDeploymentPostprocessing = 0;
		};
		C3DF5AD82273322900543C65 /* Frameworks */ = {
			isa = PBXFrameworksBuildPhase;
			buildActionMask = 2147483647;
			files = (
			);
			runOnlyForDeploymentPostprocessing = 0;
		};
		C3EA7B502270973E00F9E6BE /* Frameworks */ = {
			isa = PBXFrameworksBuildPhase;
			buildActionMask = 2147483647;
			files = (
			);
			runOnlyForDeploymentPostprocessing = 0;
		};
		C3EA7B712270A1B300F9E6BE /* Frameworks */ = {
			isa = PBXFrameworksBuildPhase;
			buildActionMask = 2147483647;
			files = (
				C3EA7B752270A1B300F9E6BE /* NotificationCenter.framework in Frameworks */,
			);
			runOnlyForDeploymentPostprocessing = 0;
		};
		C3EA7B822270A25E00F9E6BE /* Frameworks */ = {
			isa = PBXFrameworksBuildPhase;
			buildActionMask = 2147483647;
			files = (
				C3EA7B862270A25F00F9E6BE /* NotificationCenter.framework in Frameworks */,
			);
			runOnlyForDeploymentPostprocessing = 0;
		};
/* End PBXFrameworksBuildPhase section */

/* Begin PBXGroup section */
		C30009B72270838F00B83CBB /* Frameworks */ = {
			isa = PBXGroup;
			children = (
				C30009B82270838F00B83CBB /* NotificationCenter.framework */,
				C30009DB2270844300B83CBB /* Messages.framework */,
			);
			name = Frameworks;
			sourceTree = "<group>";
		};
		C30009BA2270838F00B83CBB /* todayextension */ = {
			isa = PBXGroup;
			children = (
				C30009BB2270838F00B83CBB /* TodayViewController.h */,
				C30009BC2270838F00B83CBB /* TodayViewController.m */,
				C30009BE2270838F00B83CBB /* MainInterface.storyboard */,
				C30009C12270838F00B83CBB /* Info.plist */,
			);
			path = todayextension;
			sourceTree = "<group>";
		};
		C30009CE227083A900B83CBB /* watchextenson */ = {
			isa = PBXGroup;
			children = (
				C30009CF227083A900B83CBB /* IntentHandler.h */,
				C30009D0227083A900B83CBB /* IntentHandler.m */,
				C30009D2227083A900B83CBB /* Info.plist */,
			);
			path = watchextenson;
			sourceTree = "<group>";
		};
		C30009DD2270844300B83CBB /* imessagetest */ = {
			isa = PBXGroup;
			children = (
				C30009DE2270844300B83CBB /* MessagesViewController.h */,
				C30009DF2270844300B83CBB /* MessagesViewController.m */,
				C30009E12270844300B83CBB /* MainInterface.storyboard */,
				C30009E42270844500B83CBB /* Assets.xcassets */,
				C30009E62270844500B83CBB /* Info.plist */,
			);
			path = imessagetest;
			sourceTree = "<group>";
		};
		C317EE7D2256255A00CBA120 /* Products */ = {
			isa = PBXGroup;
			children = (
				C317EE832256255A00CBA120 /* deneme3.app */,
				C317EE852256255A00CBA120 /* deneme3Tests.xctest */,
				C317EE872256255A00CBA120 /* deneme3UITests.xctest */,
			);
			name = Products;
			sourceTree = "<group>";
		};
		C361CF1922561DF300A2833E = {
			isa = PBXGroup;
			children = (
				C36F95532269EA9C001D3572 /* Alamofire.framework */,
				C361CF2422561DF300A2833E /* buildtest */,
				C361CF3D22561DF400A2833E /* buildtestTests */,
				C361CF4822561DF400A2833E /* buildtestUITests */,
				C30009BA2270838F00B83CBB /* todayextension */,
				C30009CE227083A900B83CBB /* watchextenson */,
				C30009DD2270844300B83CBB /* imessagetest */,
				C3EA7B262270905D00F9E6BE /* frameworktest */,
				C3EA7B332270905D00F9E6BE /* frameworktestTests */,
				C3EA7B482270973D00F9E6BE /* test */,
				C3EA7B572270973E00F9E6BE /* test Extension */,
				C3EA7B762270A1B300F9E6BE /* noneexte */,
				C3EA7B872270A25F00F9E6BE /* embedexte */,
				C3DF5ABA2273322600543C65 /* launchapp */,
				C3DF5AD32273322900543C65 /* launchappTests */,
				C3DF5ADE2273322900543C65 /* launchappUITests */,
				C30009B72270838F00B83CBB /* Frameworks */,
				C361CF2322561DF300A2833E /* Products */,
			);
			sourceTree = "<group>";
		};
		C361CF2322561DF300A2833E /* Products */ = {
			isa = PBXGroup;
			children = (
				C361CF2222561DF300A2833E /* buildtest.app */,
				C361CF3A22561DF400A2833E /* buildtestTests.xctest */,
				C361CF4522561DF400A2833E /* buildtestUITests.xctest */,
				C30009B62270838F00B83CBB /* todayextension.appex */,
				C30009DA2270844300B83CBB /* imessagetest.appex */,
				C3EA7B472270973D00F9E6BE /* test.app */,
				C3EA7B532270973E00F9E6BE /* test Extension.appex */,
				C3EA7B742270A1B300F9E6BE /* noneexte.appex */,
				C3EA7B852270A25E00F9E6BE /* embedexte.appex */,
				C3DF5AB92273322600543C65 /* launchapp.app */,
				C3DF5AD02273322900543C65 /* launchappTests.xctest */,
				C3DF5ADB2273322900543C65 /* launchappUITests.xctest */,
			);
			name = Products;
			sourceTree = "<group>";
		};
		C361CF2422561DF300A2833E /* buildtest */ = {
			isa = PBXGroup;
			children = (
				C317EE7C2256255A00CBA120 /* deneme3.xcodeproj */,
				C361CF2522561DF300A2833E /* AppDelegate.h */,
				C361CF2622561DF300A2833E /* AppDelegate.m */,
				C361CF2822561DF300A2833E /* ViewController.h */,
				C361CF2922561DF300A2833E /* ViewController.m */,
				C361CF2B22561DF300A2833E /* Main.storyboard */,
				C361CF2E22561DF400A2833E /* Assets.xcassets */,
				C361CF3022561DF400A2833E /* LaunchScreen.storyboard */,
				C361CF3322561DF400A2833E /* Info.plist */,
				C361CF3422561DF400A2833E /* main.m */,
			);
			path = buildtest;
			sourceTree = "<group>";
		};
		C361CF3D22561DF400A2833E /* buildtestTests */ = {
			isa = PBXGroup;
			children = (
				C361CF3E22561DF400A2833E /* buildtestTests.m */,
				C361CF4022561DF400A2833E /* Info.plist */,
			);
			path = buildtestTests;
			sourceTree = "<group>";
		};
		C361CF4822561DF400A2833E /* buildtestUITests */ = {
			isa = PBXGroup;
			children = (
				C361CF4922561DF400A2833E /* buildtestUITests.m */,
				C361CF4B22561DF400A2833E /* Info.plist */,
			);
			path = buildtestUITests;
			sourceTree = "<group>";
		};
		C3DF5ABA2273322600543C65 /* launchapp */ = {
			isa = PBXGroup;
			children = (
				C3DF5ABB2273322600543C65 /* AppDelegate.h */,
				C3DF5ABC2273322600543C65 /* AppDelegate.m */,
				C3DF5ABE2273322600543C65 /* ViewController.h */,
				C3DF5ABF2273322600543C65 /* ViewController.m */,
				C3DF5AC12273322600543C65 /* Main.storyboard */,
				C3DF5AC42273322800543C65 /* Assets.xcassets */,
				C3DF5AC62273322800543C65 /* LaunchScreen.storyboard */,
				C3DF5AC92273322800543C65 /* Info.plist */,
				C3DF5ACA2273322800543C65 /* main.m */,
			);
			path = launchapp;
			sourceTree = "<group>";
		};
		C3DF5AD32273322900543C65 /* launchappTests */ = {
			isa = PBXGroup;
			children = (
				C3DF5AD42273322900543C65 /* launchappTests.m */,
				C3DF5AD62273322900543C65 /* Info.plist */,
			);
			path = launchappTests;
			sourceTree = "<group>";
		};
		C3DF5ADE2273322900543C65 /* launchappUITests */ = {
			isa = PBXGroup;
			children = (
				C3DF5ADF2273322900543C65 /* launchappUITests.m */,
				C3DF5AE12273322900543C65 /* Info.plist */,
			);
			path = launchappUITests;
			sourceTree = "<group>";
		};
		C3EA7B262270905D00F9E6BE /* frameworktest */ = {
			isa = PBXGroup;
			children = (
				C3EA7B272270905D00F9E6BE /* frameworktest.h */,
				C3EA7B282270905D00F9E6BE /* Info.plist */,
				C3EA7B422270940D00F9E6BE /* test.m */,
			);
			path = frameworktest;
			sourceTree = "<group>";
		};
		C3EA7B332270905D00F9E6BE /* frameworktestTests */ = {
			isa = PBXGroup;
			children = (
				C3EA7B342270905D00F9E6BE /* frameworktestTests.m */,
				C3EA7B362270905D00F9E6BE /* Info.plist */,
			);
			path = frameworktestTests;
			sourceTree = "<group>";
		};
		C3EA7B482270973D00F9E6BE /* test */ = {
			isa = PBXGroup;
			children = (
				C3EA7B492270973D00F9E6BE /* Interface.storyboard */,
				C3EA7B4C2270973E00F9E6BE /* Assets.xcassets */,
				C3EA7B4E2270973E00F9E6BE /* Info.plist */,
			);
			path = test;
			sourceTree = "<group>";
		};
		C3EA7B572270973E00F9E6BE /* test Extension */ = {
			isa = PBXGroup;
			children = (
				C3EA7B582270973E00F9E6BE /* InterfaceController.h */,
				C3EA7B592270973E00F9E6BE /* InterfaceController.m */,
				C3EA7B5B2270973E00F9E6BE /* ExtensionDelegate.h */,
				C3EA7B5C2270973F00F9E6BE /* ExtensionDelegate.m */,
				C3EA7B5E2270973F00F9E6BE /* NotificationController.h */,
				C3EA7B5F2270973F00F9E6BE /* NotificationController.m */,
				C3EA7B612270973F00F9E6BE /* Assets.xcassets */,
				C3EA7B632270973F00F9E6BE /* Info.plist */,
				C3EA7B642270973F00F9E6BE /* PushNotificationPayload.apns */,
			);
			path = "test Extension";
			sourceTree = "<group>";
		};
		C3EA7B762270A1B300F9E6BE /* noneexte */ = {
			isa = PBXGroup;
			children = (
				C3EA7B772270A1B300F9E6BE /* TodayViewController.h */,
				C3EA7B782270A1B300F9E6BE /* TodayViewController.m */,
				C3EA7B7A2270A1B300F9E6BE /* MainInterface.storyboard */,
				C3EA7B7D2270A1B300F9E6BE /* Info.plist */,
			);
			path = noneexte;
			sourceTree = "<group>";
		};
		C3EA7B872270A25F00F9E6BE /* embedexte */ = {
			isa = PBXGroup;
			children = (
				C3EA7B882270A25F00F9E6BE /* TodayViewController.h */,
				C3EA7B892270A25F00F9E6BE /* TodayViewController.m */,
				C3EA7B8B2270A25F00F9E6BE /* MainInterface.storyboard */,
				C3EA7B8E2270A25F00F9E6BE /* Info.plist */,
			);
			path = embedexte;
			sourceTree = "<group>";
		};
/* End PBXGroup section */

/* Begin PBXNativeTarget section */
		C30009B52270838F00B83CBB /* todayextension */ = {
			isa = PBXNativeTarget;
			buildConfigurationList = C30009C52270838F00B83CBB /* Build configuration list for PBXNativeTarget "todayextension" */;
			buildPhases = (
				C30009B22270838F00B83CBB /* Sources */,
				C30009B32270838F00B83CBB /* Frameworks */,
				C30009B42270838F00B83CBB /* Resources */,
			);
			buildRules = (
			);
			dependencies = (
			);
			name = todayextension;
			productName = todayextension;
			productReference = C30009B62270838F00B83CBB /* todayextension.appex */;
			productType = "com.apple.product-type.app-extension";
		};
		C30009D92270844300B83CBB /* imessagetest */ = {
			isa = PBXNativeTarget;
			buildConfigurationList = C30009EA2270844500B83CBB /* Build configuration list for PBXNativeTarget "imessagetest" */;
			buildPhases = (
				C30009D62270844300B83CBB /* Sources */,
				C30009D72270844300B83CBB /* Frameworks */,
				C30009D82270844300B83CBB /* Resources */,
			);
			buildRules = (
			);
			dependencies = (
			);
			name = imessagetest;
			productName = imessagetest;
			productReference = C30009DA2270844300B83CBB /* imessagetest.appex */;
			productType = "com.apple.product-type.app-extension.messages";
		};
		C361CF2122561DF300A2833E /* buildtest */ = {
			isa = PBXNativeTarget;
			buildConfigurationList = C361CF4E22561DF400A2833E /* Build configuration list for PBXNativeTarget "buildtest" */;
			buildPhases = (
				C361CF1E22561DF300A2833E /* Sources */,
				C361CF1F22561DF300A2833E /* Frameworks */,
				C361CF2022561DF300A2833E /* Resources */,
				C36F954F2269E806001D3572 /* Embed Frameworks */,
				C30009C82270838F00B83CBB /* Embed App Extensions */,
				C36F956D2269FCF6001D3572 /* ShellScript */,
				C3EA7B6F2270973F00F9E6BE /* Embed Watch Content */,
			);
			buildRules = (
			);
			dependencies = (
				C30009C32270838F00B83CBB /* PBXTargetDependency */,
				C30009E82270844500B83CBB /* PBXTargetDependency */,
				C3EA7B662270973F00F9E6BE /* PBXTargetDependency */,
				C3EA7B902270A25F00F9E6BE /* PBXTargetDependency */,
			);
			name = buildtest;
			productName = buildtest;
			productReference = C361CF2222561DF300A2833E /* buildtest.app */;
			productType = "com.apple.product-type.application";
		};
		C361CF3922561DF400A2833E /* buildtestTests */ = {
			isa = PBXNativeTarget;
			buildConfigurationList = C361CF5122561DF400A2833E /* Build configuration list for PBXNativeTarget "buildtestTests" */;
			buildPhases = (
				C361CF3622561DF400A2833E /* Sources */,
				C361CF3722561DF400A2833E /* Frameworks */,
				C361CF3822561DF400A2833E /* Resources */,
			);
			buildRules = (
			);
			dependencies = (
				C361CF3C22561DF400A2833E /* PBXTargetDependency */,
			);
			name = buildtestTests;
			productName = buildtestTests;
			productReference = C361CF3A22561DF400A2833E /* buildtestTests.xctest */;
			productType = "com.apple.product-type.bundle.unit-test";
		};
		C361CF4422561DF400A2833E /* buildtestUITests */ = {
			isa = PBXNativeTarget;
			buildConfigurationList = C361CF5422561DF400A2833E /* Build configuration list for PBXNativeTarget "buildtestUITests" */;
			buildPhases = (
				C361CF4122561DF400A2833E /* Sources */,
				C361CF4222561DF400A2833E /* Frameworks */,
				C361CF4322561DF400A2833E /* Resources */,
			);
			buildRules = (
			);
			dependencies = (
				C361CF4722561DF400A2833E /* PBXTargetDependency */,
			);
			name = buildtestUITests;
			productName = buildtestUITests;
			productReference = C361CF4522561DF400A2833E /* buildtestUITests.xctest */;
			productType = "com.apple.product-type.bundle.ui-testing";
		};
		C3DF5AB82273322600543C65 /* launchapp */ = {
			isa = PBXNativeTarget;
			buildConfigurationList = C3DF5AEB2273322900543C65 /* Build configuration list for PBXNativeTarget "launchapp" */;
			buildPhases = (
				C3DF5AB52273322600543C65 /* Sources */,
				C3DF5AB62273322600543C65 /* Frameworks */,
				C3DF5AB72273322600543C65 /* Resources */,
			);
			buildRules = (
			);
			dependencies = (
			);
			name = launchapp;
			productName = launchapp;
			productReference = C3DF5AB92273322600543C65 /* launchapp.app */;
			productType = "com.apple.product-type.application";
		};
		C3DF5ACF2273322900543C65 /* launchappTests */ = {
			isa = PBXNativeTarget;
			buildConfigurationList = C3DF5AEC2273322900543C65 /* Build configuration list for PBXNativeTarget "launchappTests" */;
			buildPhases = (
				C3DF5ACC2273322900543C65 /* Sources */,
				C3DF5ACD2273322900543C65 /* Frameworks */,
				C3DF5ACE2273322900543C65 /* Resources */,
			);
			buildRules = (
			);
			dependencies = (
				C3DF5AD22273322900543C65 /* PBXTargetDependency */,
			);
			name = launchappTests;
			productName = launchappTests;
			productReference = C3DF5AD02273322900543C65 /* launchappTests.xctest */;
			productType = "com.apple.product-type.bundle.unit-test";
		};
		C3DF5ADA2273322900543C65 /* launchappUITests */ = {
			isa = PBXNativeTarget;
			buildConfigurationList = C3DF5AED2273322900543C65 /* Build configuration list for PBXNativeTarget "launchappUITests" */;
			buildPhases = (
				C3DF5AD72273322900543C65 /* Sources */,
				C3DF5AD82273322900543C65 /* Frameworks */,
				C3DF5AD92273322900543C65 /* Resources */,
			);
			buildRules = (
			);
			dependencies = (
				C3DF5ADD2273322900543C65 /* PBXTargetDependency */,
			);
			name = launchappUITests;
			productName = launchappUITests;
			productReference = C3DF5ADB2273322900543C65 /* launchappUITests.xctest */;
			productType = "com.apple.product-type.bundle.ui-testing";
		};
		C3EA7B462270973D00F9E6BE /* test */ = {
			isa = PBXNativeTarget;
			buildConfigurationList = C3EA7B6C2270973F00F9E6BE /* Build configuration list for PBXNativeTarget "test" */;
			buildPhases = (
				C3EA7B452270973D00F9E6BE /* Resources */,
				C3EA7B6B2270973F00F9E6BE /* Embed App Extensions */,
			);
			buildRules = (
			);
			dependencies = (
				C3EA7B562270973E00F9E6BE /* PBXTargetDependency */,
			);
			name = test;
			productName = test;
			productReference = C3EA7B472270973D00F9E6BE /* test.app */;
			productType = "com.apple.product-type.application.watchapp2";
		};
		C3EA7B522270973E00F9E6BE /* test Extension */ = {
			isa = PBXNativeTarget;
			buildConfigurationList = C3EA7B682270973F00F9E6BE /* Build configuration list for PBXNativeTarget "test Extension" */;
			buildPhases = (
				C3EA7B4F2270973E00F9E6BE /* Sources */,
				C3EA7B502270973E00F9E6BE /* Frameworks */,
				C3EA7B512270973E00F9E6BE /* Resources */,
			);
			buildRules = (
			);
			dependencies = (
			);
			name = "test Extension";
			productName = "test Extension";
			productReference = C3EA7B532270973E00F9E6BE /* test Extension.appex */;
			productType = "com.apple.product-type.watchkit2-extension";
		};
		C3EA7B732270A1B300F9E6BE /* noneexte */ = {
			isa = PBXNativeTarget;
			buildConfigurationList = C3EA7B7E2270A1B300F9E6BE /* Build configuration list for PBXNativeTarget "noneexte" */;
			buildPhases = (
				C3EA7B702270A1B300F9E6BE /* Sources */,
				C3EA7B712270A1B300F9E6BE /* Frameworks */,
				C3EA7B722270A1B300F9E6BE /* Resources */,
			);
			buildRules = (
			);
			dependencies = (
			);
			name = noneexte;
			productName = noneexte;
			productReference = C3EA7B742270A1B300F9E6BE /* noneexte.appex */;
			productType = "com.apple.product-type.app-extension";
		};
		C3EA7B842270A25E00F9E6BE /* embedexte */ = {
			isa = PBXNativeTarget;
			buildConfigurationList = C3EA7B922270A25F00F9E6BE /* Build configuration list for PBXNativeTarget "embedexte" */;
			buildPhases = (
				C3EA7B812270A25E00F9E6BE /* Sources */,
				C3EA7B822270A25E00F9E6BE /* Frameworks */,
				C3EA7B832270A25E00F9E6BE /* Resources */,
			);
			buildRules = (
			);
			dependencies = (
			);
			name = embedexte;
			productName = embedexte;
			productReference = C3EA7B852270A25E00F9E6BE /* embedexte.appex */;
			productType = "com.apple.product-type.app-extension";
		};
/* End PBXNativeTarget section */

/* Begin PBXProject section */
		C361CF1A22561DF300A2833E /* Project object */ = {
			isa = PBXProject;
			attributes = {
				LastUpgradeCheck = 1010;
				ORGANIZATIONNAME = "Dogan Ekici";
				TargetAttributes = {
					C30009AB2270838100B83CBB = {
						CreatedOnToolsVersion = 10.1;
					};
					C30009B52270838F00B83CBB = {
						CreatedOnToolsVersion = 10.1;
					};
					C30009D92270844300B83CBB = {
						CreatedOnToolsVersion = 10.1;
					};
					C361CF2122561DF300A2833E = {
						CreatedOnToolsVersion = 10.1;
					};
					C361CF3922561DF400A2833E = {
						CreatedOnToolsVersion = 10.1;
						TestTargetID = C361CF2122561DF300A2833E;
					};
					C361CF4422561DF400A2833E = {
						CreatedOnToolsVersion = 10.1;
						TestTargetID = C361CF2122561DF300A2833E;
					};
					C3DF5AB82273322600543C65 = {
						CreatedOnToolsVersion = 10.1;
					};
					C3DF5ACF2273322900543C65 = {
						CreatedOnToolsVersion = 10.1;
						TestTargetID = C3DF5AB82273322600543C65;
					};
					C3DF5ADA2273322900543C65 = {
						CreatedOnToolsVersion = 10.1;
						TestTargetID = C3DF5AB82273322600543C65;
					};
					C3EA7B462270973D00F9E6BE = {
						CreatedOnToolsVersion = 10.1;
					};
					C3EA7B522270973E00F9E6BE = {
						CreatedOnToolsVersion = 10.1;
					};
					C3EA7B732270A1B300F9E6BE = {
						CreatedOnToolsVersion = 10.1;
					};
					C3EA7B842270A25E00F9E6BE = {
						CreatedOnToolsVersion = 10.1;
					};
				};
			};
			buildConfigurationList = C361CF1D22561DF300A2833E /* Build configuration list for PBXProject "buildtest" */;
			compatibilityVersion = "Xcode 9.3";
			developmentRegion = en;
			hasScannedForEncodings = 0;
			knownRegions = (
				en,
				Base,
			);
			mainGroup = C361CF1922561DF300A2833E;
			productRefGroup = C361CF2322561DF300A2833E /* Products */;
			projectDirPath = "";
			projectReferences = (
				{
					ProductGroup = C317EE7D2256255A00CBA120 /* Products */;
					ProjectRef = C317EE7C2256255A00CBA120 /* deneme3.xcodeproj */;
				},
			);
			projectRoot = "";
			targets = (
				C361CF2122561DF300A2833E /* buildtest */,
				C361CF3922561DF400A2833E /* buildtestTests */,
				C361CF4422561DF400A2833E /* buildtestUITests */,
				C30009AB2270838100B83CBB /* aggreatetest */,
				C30009B52270838F00B83CBB /* todayextension */,
				C30009D92270844300B83CBB /* imessagetest */,
				C3EA7B462270973D00F9E6BE /* test */,
				C3EA7B522270973E00F9E6BE /* test Extension */,
				C3EA7B732270A1B300F9E6BE /* noneexte */,
				C3EA7B842270A25E00F9E6BE /* embedexte */,
				C3DF5AB82273322600543C65 /* launchapp */,
				C3DF5ACF2273322900543C65 /* launchappTests */,
				C3DF5ADA2273322900543C65 /* launchappUITests */,
			);
		};
/* End PBXProject section */

/* Begin PBXReferenceProxy section */
		C317EE832256255A00CBA120 /* deneme3.app */ = {
			isa = PBXReferenceProxy;
			fileType = wrapper.application;
			path = deneme3.app;
			remoteRef = C317EE822256255A00CBA120 /* PBXContainerItemProxy */;
			sourceTree = BUILT_PRODUCTS_DIR;
		};
		C317EE852256255A00CBA120 /* deneme3Tests.xctest */ = {
			isa = PBXReferenceProxy;
			fileType = wrapper.cfbundle;
			path = deneme3Tests.xctest;
			remoteRef = C317EE842256255A00CBA120 /* PBXContainerItemProxy */;
			sourceTree = BUILT_PRODUCTS_DIR;
		};
		C317EE872256255A00CBA120 /* deneme3UITests.xctest */ = {
			isa = PBXReferenceProxy;
			fileType = wrapper.cfbundle;
			path = deneme3UITests.xctest;
			remoteRef = C317EE862256255A00CBA120 /* PBXContainerItemProxy */;
			sourceTree = BUILT_PRODUCTS_DIR;
		};
/* End PBXReferenceProxy section */

/* Begin PBXResourcesBuildPhase section */
		C30009B42270838F00B83CBB /* Resources */ = {
			isa = PBXResourcesBuildPhase;
			buildActionMask = 2147483647;
			files = (
				C30009C02270838F00B83CBB /* MainInterface.storyboard in Resources */,
			);
			runOnlyForDeploymentPostprocessing = 0;
		};
		C30009D82270844300B83CBB /* Resources */ = {
			isa = PBXResourcesBuildPhase;
			buildActionMask = 2147483647;
			files = (
				C30009E52270844500B83CBB /* Assets.xcassets in Resources */,
				C30009E32270844300B83CBB /* MainInterface.storyboard in Resources */,
			);
			runOnlyForDeploymentPostprocessing = 0;
		};
		C361CF2022561DF300A2833E /* Resources */ = {
			isa = PBXResourcesBuildPhase;
			buildActionMask = 2147483647;
			files = (
				C361CF3222561DF400A2833E /* LaunchScreen.storyboard in Resources */,
				C361CF2F22561DF400A2833E /* Assets.xcassets in Resources */,
				C361CF2D22561DF300A2833E /* Main.storyboard in Resources */,
			);
			runOnlyForDeploymentPostprocessing = 0;
		};
		C361CF3822561DF400A2833E /* Resources */ = {
			isa = PBXResourcesBuildPhase;
			buildActionMask = 2147483647;
			files = (
			);
			runOnlyForDeploymentPostprocessing = 0;
		};
		C361CF4322561DF400A2833E /* Resources */ = {
			isa = PBXResourcesBuildPhase;
			buildActionMask = 2147483647;
			files = (
			);
			runOnlyForDeploymentPostprocessing = 0;
		};
		C3DF5AB72273322600543C65 /* Resources */ = {
			isa = PBXResourcesBuildPhase;
			buildActionMask = 2147483647;
			files = (
				C3DF5AC82273322800543C65 /* LaunchScreen.storyboard in Resources */,
				C3DF5AC52273322800543C65 /* Assets.xcassets in Resources */,
				C3DF5AC32273322600543C65 /* Main.storyboard in Resources */,
			);
			runOnlyForDeploymentPostprocessing = 0;
		};
		C3DF5ACE2273322900543C65 /* Resources */ = {
			isa = PBXResourcesBuildPhase;
			buildActionMask = 2147483647;
			files = (
			);
			runOnlyForDeploymentPostprocessing = 0;
		};
		C3DF5AD92273322900543C65 /* Resources */ = {
			isa = PBXResourcesBuildPhase;
			buildActionMask = 2147483647;
			files = (
			);
			runOnlyForDeploymentPostprocessing = 0;
		};
		C3EA7B452270973D00F9E6BE /* Resources */ = {
			isa = PBXResourcesBuildPhase;
			buildActionMask = 2147483647;
			files = (
				C3EA7B4D2270973E00F9E6BE /* Assets.xcassets in Resources */,
				C3EA7B4B2270973D00F9E6BE /* Interface.storyboard in Resources */,
			);
			runOnlyForDeploymentPostprocessing = 0;
		};
		C3EA7B512270973E00F9E6BE /* Resources */ = {
			isa = PBXResourcesBuildPhase;
			buildActionMask = 2147483647;
			files = (
				C3EA7B622270973F00F9E6BE /* Assets.xcassets in Resources */,
			);
			runOnlyForDeploymentPostprocessing = 0;
		};
		C3EA7B722270A1B300F9E6BE /* Resources */ = {
			isa = PBXResourcesBuildPhase;
			buildActionMask = 2147483647;
			files = (
				C3EA7B7C2270A1B300F9E6BE /* MainInterface.storyboard in Resources */,
			);
			runOnlyForDeploymentPostprocessing = 0;
		};
		C3EA7B832270A25E00F9E6BE /* Resources */ = {
			isa = PBXResourcesBuildPhase;
			buildActionMask = 2147483647;
			files = (
				C3EA7B8D2270A25F00F9E6BE /* MainInterface.storyboard in Resources */,
			);
			runOnlyForDeploymentPostprocessing = 0;
		};
/* End PBXResourcesBuildPhase section */

/* Begin PBXShellScriptBuildPhase section */
		C36F956D2269FCF6001D3572 /* ShellScript */ = {
			isa = PBXShellScriptBuildPhase;
			buildActionMask = 2147483647;
			files = (
			);
			inputFileListPaths = (
			);
			inputPaths = (
			);
			outputFileListPaths = (
			);
			outputPaths = (
			);
			runOnlyForDeploymentPostprocessing = 0;
			shellPath = /bin/sh;
			shellScript = "APP_PATH=\"${TARGET_BUILD_DIR}/${WRAPPER_NAME}\"\n\n# This script loops through the frameworks embedded in the application and\n# removes unused architectures.\nfind \"$APP_PATH\" -name '*.framework' -type d | while read -r FRAMEWORK\ndo\nFRAMEWORK_EXECUTABLE_NAME=$(defaults read \"$FRAMEWORK/Info.plist\" CFBundleExecutable)\nFRAMEWORK_EXECUTABLE_PATH=\"$FRAMEWORK/$FRAMEWORK_EXECUTABLE_NAME\"\necho \"Executable is $FRAMEWORK_EXECUTABLE_PATH\"\n\nEXTRACTED_ARCHS=()\n\nfor ARCH in $ARCHS\ndo\necho \"Extracting $ARCH from $FRAMEWORK_EXECUTABLE_NAME\"\nlipo -extract \"$ARCH\" \"$FRAMEWORK_EXECUTABLE_PATH\" -o \"$FRAMEWORK_EXECUTABLE_PATH-$ARCH\"\nEXTRACTED_ARCHS+=(\"$FRAMEWORK_EXECUTABLE_PATH-$ARCH\")\ndone\n\necho \"Merging extracted architectures: ${ARCHS}\"\nlipo -o \"$FRAMEWORK_EXECUTABLE_PATH-merged\" -create \"${EXTRACTED_ARCHS[@]}\"\nrm \"${EXTRACTED_ARCHS[@]}\"\n\necho \"Replacing original executable with thinned version\"\nrm \"$FRAMEWORK_EXECUTABLE_PATH\"\nmv \"$FRAMEWORK_EXECUTABLE_PATH-merged\" \"$FRAMEWORK_EXECUTABLE_PATH\"\n\ndone\n";
		};
/* End PBXShellScriptBuildPhase section */

/* Begin PBXSourcesBuildPhase section */
		C30009B22270838F00B83CBB /* Sources */ = {
			isa = PBXSourcesBuildPhase;
			buildActionMask = 2147483647;
			files = (
				C30009BD2270838F00B83CBB /* TodayViewController.m in Sources */,
			);
			runOnlyForDeploymentPostprocessing = 0;
		};
		C30009D62270844300B83CBB /* Sources */ = {
			isa = PBXSourcesBuildPhase;
			buildActionMask = 2147483647;
			files = (
				C30009E02270844300B83CBB /* MessagesViewController.m in Sources */,
			);
			runOnlyForDeploymentPostprocessing = 0;
		};
		C361CF1E22561DF300A2833E /* Sources */ = {
			isa = PBXSourcesBuildPhase;
			buildActionMask = 2147483647;
			files = (
				C361CF2A22561DF300A2833E /* ViewController.m in Sources */,
				C361CF3522561DF400A2833E /* main.m in Sources */,
				C361CF2722561DF300A2833E /* AppDelegate.m in Sources */,
			);
			runOnlyForDeploymentPostprocessing = 0;
		};
		C361CF3622561DF400A2833E /* Sources */ = {
			isa = PBXSourcesBuildPhase;
			buildActionMask = 2147483647;
			files = (
				C361CF3F22561DF400A2833E /* buildtestTests.m in Sources */,
			);
			runOnlyForDeploymentPostprocessing = 0;
		};
		C361CF4122561DF400A2833E /* Sources */ = {
			isa = PBXSourcesBuildPhase;
			buildActionMask = 2147483647;
			files = (
				C361CF4A22561DF400A2833E /* buildtestUITests.m in Sources */,
			);
			runOnlyForDeploymentPostprocessing = 0;
		};
		C3DF5AB52273322600543C65 /* Sources */ = {
			isa = PBXSourcesBuildPhase;
			buildActionMask = 2147483647;
			files = (
				C3DF5AC02273322600543C65 /* ViewController.m in Sources */,
				C3DF5ACB2273322800543C65 /* main.m in Sources */,
				C3DF5ABD2273322600543C65 /* AppDelegate.m in Sources */,
			);
			runOnlyForDeploymentPostprocessing = 0;
		};
		C3DF5ACC2273322900543C65 /* Sources */ = {
			isa = PBXSourcesBuildPhase;
			buildActionMask = 2147483647;
			files = (
				C3DF5AD52273322900543C65 /* launchappTests.m in Sources */,
			);
			runOnlyForDeploymentPostprocessing = 0;
		};
		C3DF5AD72273322900543C65 /* Sources */ = {
			isa = PBXSourcesBuildPhase;
			buildActionMask = 2147483647;
			files = (
				C3DF5AE02273322900543C65 /* launchappUITests.m in Sources */,
			);
			runOnlyForDeploymentPostprocessing = 0;
		};
		C3EA7B4F2270973E00F9E6BE /* Sources */ = {
			isa = PBXSourcesBuildPhase;
			buildActionMask = 2147483647;
			files = (
				C3EA7B5D2270973F00F9E6BE /* ExtensionDelegate.m in Sources */,
				C3EA7B5A2270973E00F9E6BE /* InterfaceController.m in Sources */,
				C3EA7B602270973F00F9E6BE /* NotificationController.m in Sources */,
			);
			runOnlyForDeploymentPostprocessing = 0;
		};
		C3EA7B702270A1B300F9E6BE /* Sources */ = {
			isa = PBXSourcesBuildPhase;
			buildActionMask = 2147483647;
			files = (
				C3EA7B792270A1B300F9E6BE /* TodayViewController.m in Sources */,
			);
			runOnlyForDeploymentPostprocessing = 0;
		};
		C3EA7B812270A25E00F9E6BE /* Sources */ = {
			isa = PBXSourcesBuildPhase;
			buildActionMask = 2147483647;
			files = (
				C3EA7B8A2270A25F00F9E6BE /* TodayViewController.m in Sources */,
			);
			runOnlyForDeploymentPostprocessing = 0;
		};
/* End PBXSourcesBuildPhase section */

/* Begin PBXTargetDependency section */
		C30009C32270838F00B83CBB /* PBXTargetDependency */ = {
			isa = PBXTargetDependency;
			target = C30009B52270838F00B83CBB /* todayextension */;
			targetProxy = C30009C22270838F00B83CBB /* PBXContainerItemProxy */;
		};
		C30009E82270844500B83CBB /* PBXTargetDependency */ = {
			isa = PBXTargetDependency;
			target = C30009D92270844300B83CBB /* imessagetest */;
			targetProxy = C30009E72270844500B83CBB /* PBXContainerItemProxy */;
		};
		C361CF3C22561DF400A2833E /* PBXTargetDependency */ = {
			isa = PBXTargetDependency;
			target = C361CF2122561DF300A2833E /* buildtest */;
			targetProxy = C361CF3B22561DF400A2833E /* PBXContainerItemProxy */;
		};
		C361CF4722561DF400A2833E /* PBXTargetDependency */ = {
			isa = PBXTargetDependency;
			target = C361CF2122561DF300A2833E /* buildtest */;
			targetProxy = C361CF4622561DF400A2833E /* PBXContainerItemProxy */;
		};
		C3DF5AD22273322900543C65 /* PBXTargetDependency */ = {
			isa = PBXTargetDependency;
			target = C3DF5AB82273322600543C65 /* launchapp */;
			targetProxy = C3DF5AD12273322900543C65 /* PBXContainerItemProxy */;
		};
		C3DF5ADD2273322900543C65 /* PBXTargetDependency */ = {
			isa = PBXTargetDependency;
			target = C3DF5AB82273322600543C65 /* launchapp */;
			targetProxy = C3DF5ADC2273322900543C65 /* PBXContainerItemProxy */;
		};
		C3EA7B562270973E00F9E6BE /* PBXTargetDependency */ = {
			isa = PBXTargetDependency;
			target = C3EA7B522270973E00F9E6BE /* test Extension */;
			targetProxy = C3EA7B552270973E00F9E6BE /* PBXContainerItemProxy */;
		};
		C3EA7B662270973F00F9E6BE /* PBXTargetDependency */ = {
			isa = PBXTargetDependency;
			target = C3EA7B462270973D00F9E6BE /* test */;
			targetProxy = C3EA7B652270973F00F9E6BE /* PBXContainerItemProxy */;
		};
		C3EA7B902270A25F00F9E6BE /* PBXTargetDependency */ = {
			isa = PBXTargetDependency;
			target = C3EA7B842270A25E00F9E6BE /* embedexte */;
			targetProxy = C3EA7B8F2270A25F00F9E6BE /* PBXContainerItemProxy */;
		};
/* End PBXTargetDependency section */

/* Begin PBXVariantGroup section */
		C30009BE2270838F00B83CBB /* MainInterface.storyboard */ = {
			isa = PBXVariantGroup;
			children = (
				C30009BF2270838F00B83CBB /* Base */,
			);
			name = MainInterface.storyboard;
			sourceTree = "<group>";
		};
		C30009E12270844300B83CBB /* MainInterface.storyboard */ = {
			isa = PBXVariantGroup;
			children = (
				C30009E22270844300B83CBB /* Base */,
			);
			name = MainInterface.storyboard;
			sourceTree = "<group>";
		};
		C361CF2B22561DF300A2833E /* Main.storyboard */ = {
			isa = PBXVariantGroup;
			children = (
				C361CF2C22561DF300A2833E /* Base */,
			);
			name = Main.storyboard;
			sourceTree = "<group>";
		};
		C361CF3022561DF400A2833E /* LaunchScreen.storyboard */ = {
			isa = PBXVariantGroup;
			children = (
				C361CF3122561DF400A2833E /* Base */,
			);
			name = LaunchScreen.storyboard;
			sourceTree = "<group>";
		};
		C3DF5AC12273322600543C65 /* Main.storyboard */ = {
			isa = PBXVariantGroup;
			children = (
				C3DF5AC22273322600543C65 /* Base */,
			);
			name = Main.storyboard;
			sourceTree = "<group>";
		};
		C3DF5AC62273322800543C65 /* LaunchScreen.storyboard */ = {
			isa = PBXVariantGroup;
			children = (
				C3DF5AC72273322800543C65 /* Base */,
			);
			name = LaunchScreen.storyboard;
			sourceTree = "<group>";
		};
		C3EA7B492270973D00F9E6BE /* Interface.storyboard */ = {
			isa = PBXVariantGroup;
			children = (
				C3EA7B4A2270973D00F9E6BE /* Base */,
			);
			name = Interface.storyboard;
			sourceTree = "<group>";
		};
		C3EA7B7A2270A1B300F9E6BE /* MainInterface.storyboard */ = {
			isa = PBXVariantGroup;
			children = (
				C3EA7B7B2270A1B300F9E6BE /* Base */,
			);
			name = MainInterface.storyboard;
			sourceTree = "<group>";
		};
		C3EA7B8B2270A25F00F9E6BE /* MainInterface.storyboard */ = {
			isa = PBXVariantGroup;
			children = (
				C3EA7B8C2270A25F00F9E6BE /* Base */,
			);
			name = MainInterface.storyboard;
			sourceTree = "<group>";
		};
/* End PBXVariantGroup section */

/* Begin XCBuildConfiguration section */
		C30009AC2270838200B83CBB /* Debug */ = {
			isa = XCBuildConfiguration;
			buildSettings = {
				CODE_SIGN_STYLE = Automatic;
				DEVELOPMENT_TEAM = T9P2R7YH4K;
				PRODUCT_NAME = "$(TARGET_NAME)";
			};
			name = Debug;
		};
		C30009AD2270838200B83CBB /* Release */ = {
			isa = XCBuildConfiguration;
			buildSettings = {
				CODE_SIGN_STYLE = Automatic;
				DEVELOPMENT_TEAM = T9P2R7YH4K;
				PRODUCT_NAME = "$(TARGET_NAME)";
			};
			name = Release;
		};
		C30009C62270838F00B83CBB /* Debug */ = {
			isa = XCBuildConfiguration;
			buildSettings = {
				CODE_SIGN_IDENTITY = "iPhone Distribution";
				CODE_SIGN_STYLE = Manual;
				DEVELOPMENT_TEAM = T9P2R7YH4K;
				INFOPLIST_FILE = todayextension/Info.plist;
				LD_RUNPATH_SEARCH_PATHS = (
					"$(inherited)",
					"@executable_path/Frameworks",
					"@executable_path/../../Frameworks",
				);
				PRODUCT_BUNDLE_IDENTIFIER = io.smartcompany.buildtest.todayextension;
				PRODUCT_NAME = "$(TARGET_NAME)";
				PROVISIONING_PROFILE_SPECIFIER = "Smartface In-House Distribution (Enterprise)";
				SKIP_INSTALL = YES;
				TARGETED_DEVICE_FAMILY = "1,2";
			};
			name = Debug;
		};
		C30009C72270838F00B83CBB /* Release */ = {
			isa = XCBuildConfiguration;
			buildSettings = {
				CODE_SIGN_IDENTITY = "iPhone Distribution";
				CODE_SIGN_STYLE = Manual;
				DEVELOPMENT_TEAM = T9P2R7YH4K;
				INFOPLIST_FILE = todayextension/Info.plist;
				LD_RUNPATH_SEARCH_PATHS = (
					"$(inherited)",
					"@executable_path/Frameworks",
					"@executable_path/../../Frameworks",
				);
				PRODUCT_BUNDLE_IDENTIFIER = io.smartcompany.buildtest.todayextension;
				PRODUCT_NAME = "$(TARGET_NAME)";
				PROVISIONING_PROFILE_SPECIFIER = "Smartface In-House Distribution (Enterprise)";
				SKIP_INSTALL = YES;
				TARGETED_DEVICE_FAMILY = "1,2";
			};
			name = Release;
		};
		C30009EB2270844500B83CBB /* Debug */ = {
			isa = XCBuildConfiguration;
			buildSettings = {
				ASSETCATALOG_COMPILER_APPICON_NAME = "iMessage App Icon";
				CODE_SIGN_IDENTITY = "iPhone Distribution";
				CODE_SIGN_STYLE = Manual;
				DEVELOPMENT_TEAM = T9P2R7YH4K;
				INFOPLIST_FILE = imessagetest/Info.plist;
				LD_RUNPATH_SEARCH_PATHS = (
					"$(inherited)",
					"@executable_path/Frameworks",
					"@executable_path/../../Frameworks",
				);
				PRODUCT_BUNDLE_IDENTIFIER = io.smartcompany.buildtest.imessagetest;
				PRODUCT_NAME = "$(TARGET_NAME)";
				PROVISIONING_PROFILE_SPECIFIER = "Smartface In-House Distribution (Enterprise)";
				SKIP_INSTALL = YES;
				TARGETED_DEVICE_FAMILY = "1,2";
			};
			name = Debug;
		};
		C30009EC2270844500B83CBB /* Release */ = {
			isa = XCBuildConfiguration;
			buildSettings = {
				ASSETCATALOG_COMPILER_APPICON_NAME = "iMessage App Icon";
				CODE_SIGN_IDENTITY = "iPhone Distribution";
				CODE_SIGN_STYLE = Manual;
				DEVELOPMENT_TEAM = T9P2R7YH4K;
				INFOPLIST_FILE = imessagetest/Info.plist;
				LD_RUNPATH_SEARCH_PATHS = (
					"$(inherited)",
					"@executable_path/Frameworks",
					"@executable_path/../../Frameworks",
				);
				PRODUCT_BUNDLE_IDENTIFIER = io.smartcompany.buildtest.imessagetest;
				PRODUCT_NAME = "$(TARGET_NAME)";
				PROVISIONING_PROFILE_SPECIFIER = "Smartface In-House Distribution (Enterprise)";
				SKIP_INSTALL = YES;
				TARGETED_DEVICE_FAMILY = "1,2";
			};
			name = Release;
		};
		C361CF4C22561DF400A2833E /* Debug */ = {
			isa = XCBuildConfiguration;
			buildSettings = {
				ALWAYS_SEARCH_USER_PATHS = NO;
				CLANG_ANALYZER_NONNULL = YES;
				CLANG_ANALYZER_NUMBER_OBJECT_CONVERSION = YES_AGGRESSIVE;
				CLANG_CXX_LANGUAGE_STANDARD = "gnu++14";
				CLANG_CXX_LIBRARY = "libc++";
				CLANG_ENABLE_MODULES = YES;
				CLANG_ENABLE_OBJC_ARC = YES;
				CLANG_ENABLE_OBJC_WEAK = YES;
				CLANG_WARN_BLOCK_CAPTURE_AUTORELEASING = YES;
				CLANG_WARN_BOOL_CONVERSION = YES;
				CLANG_WARN_COMMA = YES;
				CLANG_WARN_CONSTANT_CONVERSION = YES;
				CLANG_WARN_DEPRECATED_OBJC_IMPLEMENTATIONS = YES;
				CLANG_WARN_DIRECT_OBJC_ISA_USAGE = YES_ERROR;
				CLANG_WARN_DOCUMENTATION_COMMENTS = YES;
				CLANG_WARN_EMPTY_BODY = YES;
				CLANG_WARN_ENUM_CONVERSION = YES;
				CLANG_WARN_INFINITE_RECURSION = YES;
				CLANG_WARN_INT_CONVERSION = YES;
				CLANG_WARN_NON_LITERAL_NULL_CONVERSION = YES;
				CLANG_WARN_OBJC_IMPLICIT_RETAIN_SELF = YES;
				CLANG_WARN_OBJC_LITERAL_CONVERSION = YES;
				CLANG_WARN_OBJC_ROOT_CLASS = YES_ERROR;
				CLANG_WARN_RANGE_LOOP_ANALYSIS = YES;
				CLANG_WARN_STRICT_PROTOTYPES = YES;
				CLANG_WARN_SUSPICIOUS_MOVE = YES;
				CLANG_WARN_UNGUARDED_AVAILABILITY = YES_AGGRESSIVE;
				CLANG_WARN_UNREACHABLE_CODE = YES;
				CLANG_WARN__DUPLICATE_METHOD_MATCH = YES;
				CODE_SIGN_IDENTITY = "iPhone Developer";
				COPY_PHASE_STRIP = NO;
				DEBUG_INFORMATION_FORMAT = dwarf;
				ENABLE_STRICT_OBJC_MSGSEND = YES;
				ENABLE_TESTABILITY = YES;
				GCC_C_LANGUAGE_STANDARD = gnu11;
				GCC_DYNAMIC_NO_PIC = NO;
				GCC_NO_COMMON_BLOCKS = YES;
				GCC_OPTIMIZATION_LEVEL = 0;
				GCC_PREPROCESSOR_DEFINITIONS = (
					"DEBUG=1",
					"$(inherited)",
				);
				GCC_WARN_64_TO_32_BIT_CONVERSION = YES;
				GCC_WARN_ABOUT_RETURN_TYPE = YES_ERROR;
				GCC_WARN_UNDECLARED_SELECTOR = YES;
				GCC_WARN_UNINITIALIZED_AUTOS = YES_AGGRESSIVE;
				GCC_WARN_UNUSED_FUNCTION = YES;
				GCC_WARN_UNUSED_VARIABLE = YES;
				IPHONEOS_DEPLOYMENT_TARGET = 12.1;
				MTL_ENABLE_DEBUG_INFO = INCLUDE_SOURCE;
				MTL_FAST_MATH = YES;
				ONLY_ACTIVE_ARCH = YES;
				SDKROOT = iphoneos;
			};
			name = Debug;
		};
		C361CF4D22561DF400A2833E /* Release */ = {
			isa = XCBuildConfiguration;
			buildSettings = {
				ALWAYS_SEARCH_USER_PATHS = NO;
				CLANG_ANALYZER_NONNULL = YES;
				CLANG_ANALYZER_NUMBER_OBJECT_CONVERSION = YES_AGGRESSIVE;
				CLANG_CXX_LANGUAGE_STANDARD = "gnu++14";
				CLANG_CXX_LIBRARY = "libc++";
				CLANG_ENABLE_MODULES = YES;
				CLANG_ENABLE_OBJC_ARC = YES;
				CLANG_ENABLE_OBJC_WEAK = YES;
				CLANG_WARN_BLOCK_CAPTURE_AUTORELEASING = YES;
				CLANG_WARN_BOOL_CONVERSION = YES;
				CLANG_WARN_COMMA = YES;
				CLANG_WARN_CONSTANT_CONVERSION = YES;
				CLANG_WARN_DEPRECATED_OBJC_IMPLEMENTATIONS = YES;
				CLANG_WARN_DIRECT_OBJC_ISA_USAGE = YES_ERROR;
				CLANG_WARN_DOCUMENTATION_COMMENTS = YES;
				CLANG_WARN_EMPTY_BODY = YES;
				CLANG_WARN_ENUM_CONVERSION = YES;
				CLANG_WARN_INFINITE_RECURSION = YES;
				CLANG_WARN_INT_CONVERSION = YES;
				CLANG_WARN_NON_LITERAL_NULL_CONVERSION = YES;
				CLANG_WARN_OBJC_IMPLICIT_RETAIN_SELF = YES;
				CLANG_WARN_OBJC_LITERAL_CONVERSION = YES;
				CLANG_WARN_OBJC_ROOT_CLASS = YES_ERROR;
				CLANG_WARN_RANGE_LOOP_ANALYSIS = YES;
				CLANG_WARN_STRICT_PROTOTYPES = YES;
				CLANG_WARN_SUSPICIOUS_MOVE = YES;
				CLANG_WARN_UNGUARDED_AVAILABILITY = YES_AGGRESSIVE;
				CLANG_WARN_UNREACHABLE_CODE = YES;
				CLANG_WARN__DUPLICATE_METHOD_MATCH = YES;
				CODE_SIGN_IDENTITY = "iPhone Developer";
				COPY_PHASE_STRIP = NO;
				DEBUG_INFORMATION_FORMAT = "dwarf-with-dsym";
				ENABLE_NS_ASSERTIONS = NO;
				ENABLE_STRICT_OBJC_MSGSEND = YES;
				GCC_C_LANGUAGE_STANDARD = gnu11;
				GCC_NO_COMMON_BLOCKS = YES;
				GCC_WARN_64_TO_32_BIT_CONVERSION = YES;
				GCC_WARN_ABOUT_RETURN_TYPE = YES_ERROR;
				GCC_WARN_UNDECLARED_SELECTOR = YES;
				GCC_WARN_UNINITIALIZED_AUTOS = YES_AGGRESSIVE;
				GCC_WARN_UNUSED_FUNCTION = YES;
				GCC_WARN_UNUSED_VARIABLE = YES;
				IPHONEOS_DEPLOYMENT_TARGET = 12.1;
				MTL_ENABLE_DEBUG_INFO = NO;
				MTL_FAST_MATH = YES;
				SDKROOT = iphoneos;
				VALIDATE_PRODUCT = YES;
			};
			name = Release;
		};
		C361CF4F22561DF400A2833E /* Debug */ = {
			isa = XCBuildConfiguration;
			buildSettings = {
				ALWAYS_EMBED_SWIFT_STANDARD_LIBRARIES = YES;
				ASSETCATALOG_COMPILER_APPICON_NAME = AppIcon;
				CODE_SIGN_IDENTITY = "iPhone Distribution";
				CODE_SIGN_STYLE = Manual;
				DEVELOPMENT_TEAM = T9P2R7YH4K;
				ENABLE_BITCODE = YES;
				FRAMEWORK_SEARCH_PATHS = (
					"$(inherited)",
					"$(PROJECT_DIR)",
				);
				INFOPLIST_FILE = buildtest/Info.plist;
				LD_RUNPATH_SEARCH_PATHS = (
					"$(inherited)",
					"@executable_path/Frameworks",
				);
				PRODUCT_BUNDLE_IDENTIFIER = io.smartcompany.buildtest;
				PRODUCT_NAME = "$(TARGET_NAME)";
				PROVISIONING_PROFILE_SPECIFIER = "Smartface In-House Distribution (Enterprise)";
				TARGETED_DEVICE_FAMILY = "1,2";
			};
			name = Debug;
		};
		C361CF5022561DF400A2833E /* Release */ = {
			isa = XCBuildConfiguration;
			buildSettings = {
				ALWAYS_EMBED_SWIFT_STANDARD_LIBRARIES = YES;
				ASSETCATALOG_COMPILER_APPICON_NAME = AppIcon;
				CODE_SIGN_IDENTITY = "iPhone Distribution";
				CODE_SIGN_STYLE = Manual;
				DEVELOPMENT_TEAM = T9P2R7YH4K;
				ENABLE_BITCODE = YES;
				FRAMEWORK_SEARCH_PATHS = (
					"$(inherited)",
					"$(PROJECT_DIR)",
				);
				INFOPLIST_FILE = buildtest/Info.plist;
				LD_RUNPATH_SEARCH_PATHS = (
					"$(inherited)",
					"@executable_path/Frameworks",
				);
				PRODUCT_BUNDLE_IDENTIFIER = io.smartcompany.buildtest;
				PRODUCT_NAME = "$(TARGET_NAME)";
				PROVISIONING_PROFILE_SPECIFIER = "Smartface In-House Distribution (Enterprise)";
				TARGETED_DEVICE_FAMILY = "1,2";
			};
			name = Release;
		};
		C361CF5222561DF400A2833E /* Debug */ = {
			isa = XCBuildConfiguration;
			buildSettings = {
				BUNDLE_LOADER = "$(TEST_HOST)";
				CODE_SIGN_STYLE = Automatic;
				DEVELOPMENT_TEAM = T9P2R7YH4K;
				INFOPLIST_FILE = buildtestTests/Info.plist;
				LD_RUNPATH_SEARCH_PATHS = (
					"$(inherited)",
					"@executable_path/Frameworks",
					"@loader_path/Frameworks",
				);
				PRODUCT_BUNDLE_IDENTIFIER = io.smartface.buildtestTests;
				PRODUCT_NAME = "$(TARGET_NAME)";
				TARGETED_DEVICE_FAMILY = "1,2";
				TEST_HOST = "$(BUILT_PRODUCTS_DIR)/buildtest.app/buildtest";
			};
			name = Debug;
		};
		C361CF5322561DF400A2833E /* Release */ = {
			isa = XCBuildConfiguration;
			buildSettings = {
				BUNDLE_LOADER = "$(TEST_HOST)";
				CODE_SIGN_STYLE = Automatic;
				DEVELOPMENT_TEAM = T9P2R7YH4K;
				INFOPLIST_FILE = buildtestTests/Info.plist;
				LD_RUNPATH_SEARCH_PATHS = (
					"$(inherited)",
					"@executable_path/Frameworks",
					"@loader_path/Frameworks",
				);
				PRODUCT_BUNDLE_IDENTIFIER = io.smartface.buildtestTests;
				PRODUCT_NAME = "$(TARGET_NAME)";
				TARGETED_DEVICE_FAMILY = "1,2";
				TEST_HOST = "$(BUILT_PRODUCTS_DIR)/buildtest.app/buildtest";
			};
			name = Release;
		};
		C361CF5522561DF400A2833E /* Debug */ = {
			isa = XCBuildConfiguration;
			buildSettings = {
				CODE_SIGN_STYLE = Automatic;
				DEVELOPMENT_TEAM = T9P2R7YH4K;
				INFOPLIST_FILE = buildtestUITests/Info.plist;
				LD_RUNPATH_SEARCH_PATHS = (
					"$(inherited)",
					"@executable_path/Frameworks",
					"@loader_path/Frameworks",
				);
				PRODUCT_BUNDLE_IDENTIFIER = io.smartface.buildtestUITests;
				PRODUCT_NAME = "$(TARGET_NAME)";
				TARGETED_DEVICE_FAMILY = "1,2";
				TEST_TARGET_NAME = buildtest;
			};
			name = Debug;
		};
		C361CF5622561DF400A2833E /* Release */ = {
			isa = XCBuildConfiguration;
			buildSettings = {
				CODE_SIGN_STYLE = Automatic;
				DEVELOPMENT_TEAM = T9P2R7YH4K;
				INFOPLIST_FILE = buildtestUITests/Info.plist;
				LD_RUNPATH_SEARCH_PATHS = (
					"$(inherited)",
					"@executable_path/Frameworks",
					"@loader_path/Frameworks",
				);
				PRODUCT_BUNDLE_IDENTIFIER = io.smartface.buildtestUITests;
				PRODUCT_NAME = "$(TARGET_NAME)";
				TARGETED_DEVICE_FAMILY = "1,2";
				TEST_TARGET_NAME = buildtest;
			};
			name = Release;
		};
		C3DF5AE22273322900543C65 /* Debug */ = {
			isa = XCBuildConfiguration;
			buildSettings = {
				ASSETCATALOG_COMPILER_APPICON_NAME = AppIcon;
				CODE_SIGN_IDENTITY = "iPhone Distribution";
				CODE_SIGN_STYLE = Manual;
				DEVELOPMENT_TEAM = T9P2R7YH4K;
				INFOPLIST_FILE = launchapp/Info.plist;
				LD_RUNPATH_SEARCH_PATHS = (
					"$(inherited)",
					"@executable_path/Frameworks",
				);
				PRODUCT_BUNDLE_IDENTIFIER = io.smartcompany.buildtest.launchapp;
				PRODUCT_NAME = "$(TARGET_NAME)";
				PROVISIONING_PROFILE_SPECIFIER = "Smartface In-House Distribution (Enterprise)";
				TARGETED_DEVICE_FAMILY = "1,2";
			};
			name = Debug;
		};
		C3DF5AE32273322900543C65 /* Release */ = {
			isa = XCBuildConfiguration;
			buildSettings = {
				ASSETCATALOG_COMPILER_APPICON_NAME = AppIcon;
				CODE_SIGN_IDENTITY = "iPhone Distribution";
				CODE_SIGN_STYLE = Manual;
				DEVELOPMENT_TEAM = T9P2R7YH4K;
				INFOPLIST_FILE = launchapp/Info.plist;
				LD_RUNPATH_SEARCH_PATHS = (
					"$(inherited)",
					"@executable_path/Frameworks",
				);
				PRODUCT_BUNDLE_IDENTIFIER = io.smartcompany.buildtest.launchapp;
				PRODUCT_NAME = "$(TARGET_NAME)";
				PROVISIONING_PROFILE_SPECIFIER = "Smartface In-House Distribution (Enterprise)";
				TARGETED_DEVICE_FAMILY = "1,2";
			};
			name = Release;
		};
		C3DF5AE42273322900543C65 /* Debug */ = {
			isa = XCBuildConfiguration;
			buildSettings = {
				BUNDLE_LOADER = "$(TEST_HOST)";
				CODE_SIGN_STYLE = Automatic;
				DEVELOPMENT_TEAM = T9P2R7YH4K;
				INFOPLIST_FILE = launchappTests/Info.plist;
				LD_RUNPATH_SEARCH_PATHS = (
					"$(inherited)",
					"@executable_path/Frameworks",
					"@loader_path/Frameworks",
				);
				PRODUCT_BUNDLE_IDENTIFIER = io.smartcompany.buildtest.launchappTests;
				PRODUCT_NAME = "$(TARGET_NAME)";
				TARGETED_DEVICE_FAMILY = "1,2";
				TEST_HOST = "$(BUILT_PRODUCTS_DIR)/launchapp.app/launchapp";
			};
			name = Debug;
		};
		C3DF5AE52273322900543C65 /* Release */ = {
			isa = XCBuildConfiguration;
			buildSettings = {
				BUNDLE_LOADER = "$(TEST_HOST)";
				CODE_SIGN_STYLE = Automatic;
				DEVELOPMENT_TEAM = T9P2R7YH4K;
				INFOPLIST_FILE = launchappTests/Info.plist;
				LD_RUNPATH_SEARCH_PATHS = (
					"$(inherited)",
					"@executable_path/Frameworks",
					"@loader_path/Frameworks",
				);
				PRODUCT_BUNDLE_IDENTIFIER = io.smartcompany.buildtest.launchappTests;
				PRODUCT_NAME = "$(TARGET_NAME)";
				TARGETED_DEVICE_FAMILY = "1,2";
				TEST_HOST = "$(BUILT_PRODUCTS_DIR)/launchapp.app/launchapp";
			};
			name = Release;
		};
		C3DF5AE62273322900543C65 /* Debug */ = {
			isa = XCBuildConfiguration;
			buildSettings = {
				CODE_SIGN_STYLE = Automatic;
				DEVELOPMENT_TEAM = T9P2R7YH4K;
				INFOPLIST_FILE = launchappUITests/Info.plist;
				LD_RUNPATH_SEARCH_PATHS = (
					"$(inherited)",
					"@executable_path/Frameworks",
					"@loader_path/Frameworks",
				);
				PRODUCT_BUNDLE_IDENTIFIER = io.smartcompany.buildtest.launchappUITests;
				PRODUCT_NAME = "$(TARGET_NAME)";
				TARGETED_DEVICE_FAMILY = "1,2";
				TEST_TARGET_NAME = launchapp;
			};
			name = Debug;
		};
		C3DF5AE72273322900543C65 /* Release */ = {
			isa = XCBuildConfiguration;
			buildSettings = {
				CODE_SIGN_STYLE = Automatic;
				DEVELOPMENT_TEAM = T9P2R7YH4K;
				INFOPLIST_FILE = launchappUITests/Info.plist;
				LD_RUNPATH_SEARCH_PATHS = (
					"$(inherited)",
					"@executable_path/Frameworks",
					"@loader_path/Frameworks",
				);
				PRODUCT_BUNDLE_IDENTIFIER = io.smartcompany.buildtest.launchappUITests;
				PRODUCT_NAME = "$(TARGET_NAME)";
				TARGETED_DEVICE_FAMILY = "1,2";
				TEST_TARGET_NAME = launchapp;
			};
			name = Release;
		};
		C3EA7B692270973F00F9E6BE /* Debug */ = {
			isa = XCBuildConfiguration;
			buildSettings = {
				ASSETCATALOG_COMPILER_COMPLICATION_NAME = Complication;
				CODE_SIGN_IDENTITY = "iPhone Distribution";
				CODE_SIGN_STYLE = Manual;
				DEVELOPMENT_TEAM = T9P2R7YH4K;
				INFOPLIST_FILE = "test Extension/Info.plist";
				LD_RUNPATH_SEARCH_PATHS = (
					"$(inherited)",
					"@executable_path/Frameworks",
					"@executable_path/../../Frameworks",
				);
				PRODUCT_BUNDLE_IDENTIFIER = io.smartcompany.buildtest.watchkitapp.watchkitextensiontemp;
				PRODUCT_NAME = "${TARGET_NAME}";
				PROVISIONING_PROFILE_SPECIFIER = "Smartface In-House Distribution (Enterprise)";
				SDKROOT = watchos;
				SKIP_INSTALL = YES;
				TARGETED_DEVICE_FAMILY = 4;
				WATCHOS_DEPLOYMENT_TARGET = 5.1;
			};
			name = Debug;
		};
		C3EA7B6A2270973F00F9E6BE /* Release */ = {
			isa = XCBuildConfiguration;
			buildSettings = {
				ASSETCATALOG_COMPILER_COMPLICATION_NAME = Complication;
				CODE_SIGN_IDENTITY = "iPhone Distribution";
				CODE_SIGN_STYLE = Manual;
				DEVELOPMENT_TEAM = T9P2R7YH4K;
				INFOPLIST_FILE = "test Extension/Info.plist";
				LD_RUNPATH_SEARCH_PATHS = (
					"$(inherited)",
					"@executable_path/Frameworks",
					"@executable_path/../../Frameworks",
				);
				PRODUCT_BUNDLE_IDENTIFIER = io.smartcompany.buildtest.watchkitapp.watchkitextensiontemp;
				PRODUCT_NAME = "${TARGET_NAME}";
				PROVISIONING_PROFILE_SPECIFIER = "Smartface In-House Distribution (Enterprise)";
				SDKROOT = watchos;
				SKIP_INSTALL = YES;
				TARGETED_DEVICE_FAMILY = 4;
				WATCHOS_DEPLOYMENT_TARGET = 5.1;
			};
			name = Release;
		};
		C3EA7B6D2270973F00F9E6BE /* Debug */ = {
			isa = XCBuildConfiguration;
			buildSettings = {
				ASSETCATALOG_COMPILER_APPICON_NAME = AppIcon;
				CODE_SIGN_IDENTITY = "iPhone Distribution";
				CODE_SIGN_STYLE = Manual;
				DEVELOPMENT_TEAM = T9P2R7YH4K;
				IBSC_MODULE = test_Extension;
				INFOPLIST_FILE = test/Info.plist;
				PRODUCT_BUNDLE_IDENTIFIER = io.smartcompany.buildtest.watchkitapp;
				PRODUCT_NAME = "$(TARGET_NAME)";
				PROVISIONING_PROFILE_SPECIFIER = "Smartface In-House Distribution (Enterprise)";
				SDKROOT = watchos;
				SKIP_INSTALL = YES;
				TARGETED_DEVICE_FAMILY = 4;
				WATCHOS_DEPLOYMENT_TARGET = 5.1;
			};
			name = Debug;
		};
		C3EA7B6E2270973F00F9E6BE /* Release */ = {
			isa = XCBuildConfiguration;
			buildSettings = {
				ASSETCATALOG_COMPILER_APPICON_NAME = AppIcon;
				CODE_SIGN_IDENTITY = "iPhone Distribution";
				CODE_SIGN_STYLE = Manual;
				DEVELOPMENT_TEAM = T9P2R7YH4K;
				IBSC_MODULE = test_Extension;
				INFOPLIST_FILE = test/Info.plist;
				PRODUCT_BUNDLE_IDENTIFIER = io.smartcompany.buildtest.watchkitapp;
				PRODUCT_NAME = "$(TARGET_NAME)";
				PROVISIONING_PROFILE_SPECIFIER = "Smartface In-House Distribution (Enterprise)";
				SDKROOT = watchos;
				SKIP_INSTALL = YES;
				TARGETED_DEVICE_FAMILY = 4;
				WATCHOS_DEPLOYMENT_TARGET = 5.1;
			};
			name = Release;
		};
		C3EA7B7F2270A1B300F9E6BE /* Debug */ = {
			isa = XCBuildConfiguration;
			buildSettings = {
				CODE_SIGN_IDENTITY = "iPhone Developer";
				CODE_SIGN_STYLE = Manual;
				DEVELOPMENT_TEAM = "";
				INFOPLIST_FILE = noneexte/Info.plist;
				LD_RUNPATH_SEARCH_PATHS = (
					"$(inherited)",
					"@executable_path/Frameworks",
					"@executable_path/../../Frameworks",
				);
				PRODUCT_BUNDLE_IDENTIFIER = io.smartcompany.buildtest.noneextetemp;
				PRODUCT_NAME = "$(TARGET_NAME)";
				PROVISIONING_PROFILE_SPECIFIER = "";
				SKIP_INSTALL = YES;
				TARGETED_DEVICE_FAMILY = "1,2";
			};
			name = Debug;
		};
		C3EA7B802270A1B300F9E6BE /* Release */ = {
			isa = XCBuildConfiguration;
			buildSettings = {
				CODE_SIGN_IDENTITY = "iPhone Developer";
				CODE_SIGN_STYLE = Manual;
				DEVELOPMENT_TEAM = "";
				INFOPLIST_FILE = noneexte/Info.plist;
				LD_RUNPATH_SEARCH_PATHS = (
					"$(inherited)",
					"@executable_path/Frameworks",
					"@executable_path/../../Frameworks",
				);
				PRODUCT_BUNDLE_IDENTIFIER = io.smartcompany.buildtest.noneextetemp;
				PRODUCT_NAME = "$(TARGET_NAME)";
				PROVISIONING_PROFILE_SPECIFIER = "";
				SKIP_INSTALL = YES;
				TARGETED_DEVICE_FAMILY = "1,2";
			};
			name = Release;
		};
		C3EA7B932270A25F00F9E6BE /* Debug */ = {
			isa = XCBuildConfiguration;
			buildSettings = {
				CODE_SIGN_IDENTITY = "iPhone Distribution";
				CODE_SIGN_STYLE = Manual;
				DEVELOPMENT_TEAM = T9P2R7YH4K;
				INFOPLIST_FILE = embedexte/Info.plist;
				LD_RUNPATH_SEARCH_PATHS = (
					"$(inherited)",
					"@executable_path/Frameworks",
					"@executable_path/../../Frameworks",
				);
				PRODUCT_BUNDLE_IDENTIFIER = io.smartcompany.buildtest.embedexte;
				PRODUCT_NAME = "$(TARGET_NAME)";
				PROVISIONING_PROFILE_SPECIFIER = "Smartface In-House Distribution (Enterprise)";
				SKIP_INSTALL = YES;
				TARGETED_DEVICE_FAMILY = "1,2";
			};
			name = Debug;
		};
		C3EA7B942270A25F00F9E6BE /* Release */ = {
			isa = XCBuildConfiguration;
			buildSettings = {
				CODE_SIGN_IDENTITY = "iPhone Distribution";
				CODE_SIGN_STYLE = Manual;
				DEVELOPMENT_TEAM = T9P2R7YH4K;
				INFOPLIST_FILE = embedexte/Info.plist;
				LD_RUNPATH_SEARCH_PATHS = (
					"$(inherited)",
					"@executable_path/Frameworks",
					"@executable_path/../../Frameworks",
				);
				PRODUCT_BUNDLE_IDENTIFIER = io.smartcompany.buildtest.embedexte;
				PRODUCT_NAME = "$(TARGET_NAME)";
				PROVISIONING_PROFILE_SPECIFIER = "Smartface In-House Distribution (Enterprise)";
				SKIP_INSTALL = YES;
				TARGETED_DEVICE_FAMILY = "1,2";
			};
			name = Release;
		};
/* End XCBuildConfiguration section */

/* Begin XCConfigurationList section */
		C30009B12270838200B83CBB /* Build configuration list for PBXAggregateTarget "aggreatetest" */ = {
			isa = XCConfigurationList;
			buildConfigurations = (
				C30009AC2270838200B83CBB /* Debug */,
				C30009AD2270838200B83CBB /* Release */,
			);
			defaultConfigurationIsVisible = 0;
			defaultConfigurationName = Release;
		};
		C30009C52270838F00B83CBB /* Build configuration list for PBXNativeTarget "todayextension" */ = {
			isa = XCConfigurationList;
			buildConfigurations = (
				C30009C62270838F00B83CBB /* Debug */,
				C30009C72270838F00B83CBB /* Release */,
			);
			defaultConfigurationIsVisible = 0;
			defaultConfigurationName = Release;
		};
		C30009EA2270844500B83CBB /* Build configuration list for PBXNativeTarget "imessagetest" */ = {
			isa = XCConfigurationList;
			buildConfigurations = (
				C30009EB2270844500B83CBB /* Debug */,
				C30009EC2270844500B83CBB /* Release */,
			);
			defaultConfigurationIsVisible = 0;
			defaultConfigurationName = Release;
		};
		C361CF1D22561DF300A2833E /* Build configuration list for PBXProject "buildtest" */ = {
			isa = XCConfigurationList;
			buildConfigurations = (
				C361CF4C22561DF400A2833E /* Debug */,
				C361CF4D22561DF400A2833E /* Release */,
			);
			defaultConfigurationIsVisible = 0;
			defaultConfigurationName = Release;
		};
		C361CF4E22561DF400A2833E /* Build configuration list for PBXNativeTarget "buildtest" */ = {
			isa = XCConfigurationList;
			buildConfigurations = (
				C361CF4F22561DF400A2833E /* Debug */,
				C361CF5022561DF400A2833E /* Release */,
			);
			defaultConfigurationIsVisible = 0;
			defaultConfigurationName = Release;
		};
		C361CF5122561DF400A2833E /* Build configuration list for PBXNativeTarget "buildtestTests" */ = {
			isa = XCConfigurationList;
			buildConfigurations = (
				C361CF5222561DF400A2833E /* Debug */,
				C361CF5322561DF400A2833E /* Release */,
			);
			defaultConfigurationIsVisible = 0;
			defaultConfigurationName = Release;
		};
		C361CF5422561DF400A2833E /* Build configuration list for PBXNativeTarget "buildtestUITests" */ = {
			isa = XCConfigurationList;
			buildConfigurations = (
				C361CF5522561DF400A2833E /* Debug */,
				C361CF5622561DF400A2833E /* Release */,
			);
			defaultConfigurationIsVisible = 0;
			defaultConfigurationName = Release;
		};
		C3DF5AEB2273322900543C65 /* Build configuration list for PBXNativeTarget "launchapp" */ = {
			isa = XCConfigurationList;
			buildConfigurations = (
				C3DF5AE22273322900543C65 /* Debug */,
				C3DF5AE32273322900543C65 /* Release */,
			);
			defaultConfigurationIsVisible = 0;
			defaultConfigurationName = Release;
		};
		C3DF5AEC2273322900543C65 /* Build configuration list for PBXNativeTarget "launchappTests" */ = {
			isa = XCConfigurationList;
			buildConfigurations = (
				C3DF5AE42273322900543C65 /* Debug */,
				C3DF5AE52273322900543C65 /* Release */,
			);
			defaultConfigurationIsVisible = 0;
			defaultConfigurationName = Release;
		};
		C3DF5AED2273322900543C65 /* Build configuration list for PBXNativeTarget "launchappUITests" */ = {
			isa = XCConfigurationList;
			buildConfigurations = (
				C3DF5AE62273322900543C65 /* Debug */,
				C3DF5AE72273322900543C65 /* Release */,
			);
			defaultConfigurationIsVisible = 0;
			defaultConfigurationName = Release;
		};
		C3EA7B682270973F00F9E6BE /* Build configuration list for PBXNativeTarget "test Extension" */ = {
			isa = XCConfigurationList;
			buildConfigurations = (
				C3EA7B692270973F00F9E6BE /* Debug */,
				C3EA7B6A2270973F00F9E6BE /* Release */,
			);
			defaultConfigurationIsVisible = 0;
			defaultConfigurationName = Release;
		};
		C3EA7B6C2270973F00F9E6BE /* Build configuration list for PBXNativeTarget "test" */ = {
			isa = XCConfigurationList;
			buildConfigurations = (
				C3EA7B6D2270973F00F9E6BE /* Debug */,
				C3EA7B6E2270973F00F9E6BE /* Release */,
			);
			defaultConfigurationIsVisible = 0;
			defaultConfigurationName = Release;
		};
		C3EA7B7E2270A1B300F9E6BE /* Build configuration list for PBXNativeTarget "noneexte" */ = {
			isa = XCConfigurationList;
			buildConfigurations = (
				C3EA7B7F2270A1B300F9E6BE /* Debug */,
				C3EA7B802270A1B300F9E6BE /* Release */,
			);
			defaultConfigurationIsVisible = 0;
			defaultConfigurationName = Release;
		};
		C3EA7B922270A25F00F9E6BE /* Build configuration list for PBXNativeTarget "embedexte" */ = {
			isa = XCConfigurationList;
			buildConfigurations = (
				C3EA7B932270A25F00F9E6BE /* Debug */,
				C3EA7B942270A25F00F9E6BE /* Release */,
			);
			defaultConfigurationIsVisible = 0;
			defaultConfigurationName = Release;
		};
/* End XCConfigurationList section */
	};
	rootObject = C361CF1A22561DF300A2833E /* Project object */;
}
